
Microsoft Visual Studio Solution File, Format Version 12.00
# Visual Studio Version 17
VisualStudioVersion = 17.5.33516.290
MinimumVisualStudioVersion = 10.0.40219.1
Project("{FAE04EC0-301F-11D3-BF4B-00C04F79EFBC}") = "WindowsFormsApp", "WindowsFormsApp\WindowsFormsApp.csproj", "{B13B72CA-9470-4A50-86BE-3EEEA3369931}"
EndProject
Project("{D954291E-2A0B-460D-934E-DC6B0785DB48}") = "SharedProject", "SharedProject\SharedProject.shproj", "{D8C8798E-904F-485A-841A-C4D7635A5FB5}"
EndProject
Global
	GlobalSection(SolutionConfigurationPlatforms) = preSolution
		Debug|Any CPU = Debug|Any CPU
		Release|Any CPU = Release|Any CPU
	EndGlobalSection
	GlobalSection(ProjectConfigurationPlatforms) = postSolution
		{B13B72CA-9470-4A50-86BE-3EEEA3369931}.Debug|Any CPU.ActiveCfg = Debug|Any CPU
		{B13B72CA-9470-4A50-86BE-3EEEA3369931}.Debug|Any CPU.Build.0 = Debug|Any CPU
		{B13B72CA-9470-4A50-86BE-3EEEA3369931}.Release|Any CPU.ActiveCfg = Release|Any CPU
		{B13B72CA-9470-4A50-86BE-3EEEA3369931}.Release|Any CPU.Build.0 = Release|Any CPU
	EndGlobalSection
	GlobalSection(SolutionProperties) = preSolution
		HideSolutionNode = FALSE
	EndGlobalSection
	GlobalSection(ExtensibilityGlobals) = postSolution
		SolutionGuid = {27744FD8-D86D-4DDD-9E88-1041F032F096}
	EndGlobalSection
	GlobalSection(SharedMSBuildProjectFiles) = preSolution
		SharedProject\SharedProject.projitems*{b13b72ca-9470-4a50-86be-3eeea3369931}*SharedItemsImports = 4
		SharedProject\SharedProject.projitems*{d8c8798e-904f-485a-841a-c4d7635a5fb5}*SharedItemsImports = 13
	EndGlobalSection
EndGlobal
