
Microsoft Visual Studio Solution File, Format Version 12.00
# Visual Studio 15
VisualStudioVersion = 15.0.28307.572
MinimumVisualStudioVersion = 10.0.40219.1
Project("{FAE04EC0-301F-11D3-BF4B-00C04F79EFBC}") = "WpfApplication", "WpfApplication\WpfApplication.csproj", "{AC6731B3-D492-4F40-8A36-819CAEA7823E}"
EndProject
Project("{FAE04EC0-301F-11D3-BF4B-00C04F79EFBC}") = "WpfControl", "WpfControl\WpfControl.csproj", "{B2E2E201-4097-4C20-83CD-1874D2C0BF24}"
EndProject
Project("{FAE04EC0-301F-11D3-BF4B-00C04F79EFBC}") = "WpfUserControl", "WpfUserControl\WpfUserControl.csproj", "{FF88E65D-C60F-4FC2-92A2-1A18EF70C034}"
EndProject
Global
	GlobalSection(SolutionConfigurationPlatforms) = preSolution
		Debug|Any CPU = Debug|Any CPU
		Release|Any CPU = Release|Any CPU
	EndGlobalSection
	GlobalSection(ProjectConfigurationPlatforms) = postSolution
		{AC6731B3-D492-4F40-8A36-819CAEA7823E}.Debug|Any CPU.ActiveCfg = Debug|Any CPU
		{AC6731B3-D492-4F40-8A36-819CAEA7823E}.Debug|Any CPU.Build.0 = Debug|Any CPU
		{AC6731B3-D492-4F40-8A36-819CAEA7823E}.Release|Any CPU.ActiveCfg = Release|Any CPU
		{AC6731B3-D492-4F40-8A36-819CAEA7823E}.Release|Any CPU.Build.0 = Release|Any CPU
		{B2E2E201-4097-4C20-83CD-1874D2C0BF24}.Debug|Any CPU.ActiveCfg = Debug|Any CPU
		{B2E2E201-4097-4C20-83CD-1874D2C0BF24}.Debug|Any CPU.Build.0 = Debug|Any CPU
		{B2E2E201-4097-4C20-83CD-1874D2C0BF24}.Release|Any CPU.ActiveCfg = Release|Any CPU
		{B2E2E201-4097-4C20-83CD-1874D2C0BF24}.Release|Any CPU.Build.0 = Release|Any CPU
		{FF88E65D-C60F-4FC2-92A2-1A18EF70C034}.Debug|Any CPU.ActiveCfg = Debug|Any CPU
		{FF88E65D-C60F-4FC2-92A2-1A18EF70C034}.Debug|Any CPU.Build.0 = Debug|Any CPU
		{FF88E65D-C60F-4FC2-92A2-1A18EF70C034}.Release|Any CPU.ActiveCfg = Release|Any CPU
		{FF88E65D-C60F-4FC2-92A2-1A18EF70C034}.Release|Any CPU.Build.0 = Release|Any CPU
	EndGlobalSection
	GlobalSection(SolutionProperties) = preSolution
		HideSolutionNode = FALSE
	EndGlobalSection
	GlobalSection(ExtensibilityGlobals) = postSolution
		SolutionGuid = {E23737F6-1FDF-417D-B69D-975DC2B34687}
	EndGlobalSection
EndGlobal
