
Microsoft Visual Studio Solution File, Format Version 12.00
# Visual Studio 15
VisualStudioVersion = 15.0.28307.136
MinimumVisualStudioVersion = 10.0.40219.1
Project("{9A19103F-16F7-4668-BE54-9A1E7A4F7556}") = "RazorPagesMovie", "RazorPagesMovie.csproj", "{B05DB14C-6F8D-4E16-81B6-E75F8511E9B6}"
EndProject
Global
	GlobalSection(SolutionConfigurationPlatforms) = preSolution
		Debug|Any CPU = Debug|Any CPU
		Release|Any CPU = Release|Any CPU
	EndGlobalSection
	GlobalSection(ProjectConfigurationPlatforms) = postSolution
		{B05DB14C-6F8D-4E16-81B6-E75F8511E9B6}.Debug|Any CPU.ActiveCfg = Debug|Any CPU
		{B05DB14C-6F8D-4E16-81B6-E75F8511E9B6}.Debug|Any CPU.Build.0 = Debug|Any CPU
		{B05DB14C-6F8D-4E16-81B6-E75F8511E9B6}.Release|Any CPU.ActiveCfg = Release|Any CPU
		{B05DB14C-6F8D-4E16-81B6-E75F8511E9B6}.Release|Any CPU.Build.0 = Release|Any CPU
	EndGlobalSection
	GlobalSection(SolutionProperties) = preSolution
		HideSolutionNode = FALSE
	EndGlobalSection
	GlobalSection(ExtensibilityGlobals) = postSolution
		SolutionGuid = {96F60FE4-E50B-43D6-937E-8AB991DD4EC0}
	EndGlobalSection
EndGlobal
