Microsoft Visual Studio Solution File, Format Version 12.00
# Visual Studio 14
VisualStudioVersion = 14.0.23107.0
MinimumVisualStudioVersion = 10.0.40219.1
Project("{FAE04EC0-301F-11D3-BF4B-00C04F79EFBC}") = "Events", "Events\Events.csproj", "{6D555693-3FFC-4DD3-A78C-93FAA099360B}"
EndProject
Project("{FAE04EC0-301F-11D3-BF4B-00C04F79EFBC}") = "Sample", "Sample\Sample.csproj", "{0F77EEB7-DB7A-4F88-A273-DD6BEF32AF17}"
EndProject
Project("{FAE04EC0-301F-11D3-BF4B-00C04F79EFBC}") = "Core", "..\..\..\Library\NET\Core\Core.csproj", "{5E9D3A55-AC2A-4E50-91FA-473D871D024F}"
EndProject
Project("{FAE04EC0-301F-11D3-BF4B-00C04F79EFBC}") = "Forms", "..\..\..\Library\NET\Checker\Forms\Forms.csproj", "{5EBE39BB-BD70-48A6-9C5F-4DA070E1F832}"
EndProject
Project("{FAE04EC0-301F-11D3-BF4B-00C04F79EFBC}") = "Lists", "Lists\Lists.csproj", "{BC357C10-BCF4-4BD5-8008-C1596B9E48A3}"
EndProject
Project("{FAE04EC0-301F-11D3-BF4B-00C04F79EFBC}") = "Base", "..\..\..\Library\NET\Checker\Base\Base.csproj", "{D7400AE6-B235-4BF3-913D-6A2193D5AD9A}"
EndProject
Project("{FAE04EC0-301F-11D3-BF4B-00C04F79EFBC}") = "NoName", "NoName\NoName.csproj", "{F524EDED-D73C-40AE-AC3D-AA084C724A20}"
EndProject
Global
	GlobalSection(SolutionConfigurationPlatforms) = preSolution
		Debug|Any CPU = Debug|Any CPU
		Release|Any CPU = Release|Any CPU
	EndGlobalSection
	GlobalSection(ProjectConfigurationPlatforms) = postSolution
		{6D555693-3FFC-4DD3-A78C-93FAA099360B}.Debug|Any CPU.ActiveCfg = Debug|Any CPU
		{6D555693-3FFC-4DD3-A78C-93FAA099360B}.Debug|Any CPU.Build.0 = Debug|Any CPU
		{6D555693-3FFC-4DD3-A78C-93FAA099360B}.Release|Any CPU.ActiveCfg = Release|Any CPU
		{6D555693-3FFC-4DD3-A78C-93FAA099360B}.Release|Any CPU.Build.0 = Release|Any CPU
		{0F77EEB7-DB7A-4F88-A273-DD6BEF32AF17}.Debug|Any CPU.ActiveCfg = Debug|Any CPU
		{0F77EEB7-DB7A-4F88-A273-DD6BEF32AF17}.Debug|Any CPU.Build.0 = Debug|Any CPU
		{0F77EEB7-DB7A-4F88-A273-DD6BEF32AF17}.Release|Any CPU.ActiveCfg = Release|Any CPU
		{0F77EEB7-DB7A-4F88-A273-DD6BEF32AF17}.Release|Any CPU.Build.0 = Release|Any CPU
		{5E9D3A55-AC2A-4E50-91FA-473D871D024F}.Debug|Any CPU.ActiveCfg = Debug|Any CPU
		{5E9D3A55-AC2A-4E50-91FA-473D871D024F}.Debug|Any CPU.Build.0 = Debug|Any CPU
		{5E9D3A55-AC2A-4E50-91FA-473D871D024F}.Release|Any CPU.ActiveCfg = Release|Any CPU
		{5E9D3A55-AC2A-4E50-91FA-473D871D024F}.Release|Any CPU.Build.0 = Release|Any CPU
		{5EBE39BB-BD70-48A6-9C5F-4DA070E1F832}.Debug|Any CPU.ActiveCfg = Debug|Any CPU
		{5EBE39BB-BD70-48A6-9C5F-4DA070E1F832}.Debug|Any CPU.Build.0 = Debug|Any CPU
		{5EBE39BB-BD70-48A6-9C5F-4DA070E1F832}.Release|Any CPU.ActiveCfg = Release|Any CPU
		{5EBE39BB-BD70-48A6-9C5F-4DA070E1F832}.Release|Any CPU.Build.0 = Release|Any CPU
		{BC357C10-BCF4-4BD5-8008-C1596B9E48A3}.Debug|Any CPU.ActiveCfg = Debug|Any CPU
		{BC357C10-BCF4-4BD5-8008-C1596B9E48A3}.Debug|Any CPU.Build.0 = Debug|Any CPU
		{BC357C10-BCF4-4BD5-8008-C1596B9E48A3}.Release|Any CPU.ActiveCfg = Release|Any CPU
		{BC357C10-BCF4-4BD5-8008-C1596B9E48A3}.Release|Any CPU.Build.0 = Release|Any CPU
		{D7400AE6-B235-4BF3-913D-6A2193D5AD9A}.Debug|Any CPU.ActiveCfg = Debug|Any CPU
		{D7400AE6-B235-4BF3-913D-6A2193D5AD9A}.Debug|Any CPU.Build.0 = Debug|Any CPU
		{D7400AE6-B235-4BF3-913D-6A2193D5AD9A}.Release|Any CPU.ActiveCfg = Release|Any CPU
		{D7400AE6-B235-4BF3-913D-6A2193D5AD9A}.Release|Any CPU.Build.0 = Release|Any CPU
		{F524EDED-D73C-40AE-AC3D-AA084C724A20}.Debug|Any CPU.ActiveCfg = Debug|Any CPU
		{F524EDED-D73C-40AE-AC3D-AA084C724A20}.Debug|Any CPU.Build.0 = Debug|Any CPU
		{F524EDED-D73C-40AE-AC3D-AA084C724A20}.Release|Any CPU.ActiveCfg = Release|Any CPU
		{F524EDED-D73C-40AE-AC3D-AA084C724A20}.Release|Any CPU.Build.0 = Release|Any CPU
	EndGlobalSection
	GlobalSection(SolutionProperties) = preSolution
		HideSolutionNode = FALSE
	EndGlobalSection
EndGlobal
