Microsoft Visual Studio Solution File, Format Version 12.00
# Visual Studio 15
VisualStudioVersion = 15.0.27004.2005
MinimumVisualStudioVersion = 10.0.40219.1
Project("{FAE04EC0-301F-11D3-BF4B-00C04F79EFBC}") = "Database", "Database\Database.csproj", "{855C3849-7956-4D8A-AB05-4174E4C7FFE8}"
EndProject
Project("{FAE04EC0-301F-11D3-BF4B-00C04F79EFBC}") = "Localized", "Driving\Localized\Localized.csproj", "{5DDFAF7D-1403-49E0-8526-648E5661CD04}"
EndProject
Project("{FAE04EC0-301F-11D3-BF4B-00C04F79EFBC}") = "IgnoreSatelliteAssembly", "IgnoreSatelliteAssembly\IgnoreSatelliteAssembly.csproj", "{EE176A76-CDF3-43A4-A960-620BFC77D3C6}"
EndProject
Project("{FAE04EC0-301F-11D3-BF4B-00C04F79EFBC}") = "Image", "Image\Image.csproj", "{800E227B-BF4B-4EC6-8DD0-D63083B153E8}"
EndProject
Project("{FAE04EC0-301F-11D3-BF4B-00C04F79EFBC}") = "ImageList", "ImageList\ImageList.csproj", "{44025F99-0CCC-4A48-BECD-97190DCE3014}"
EndProject
Project("{FAE04EC0-301F-11D3-BF4B-00C04F79EFBC}") = "LanguageSwitch", "LanguageSwitch\LanguageSwitch.csproj", "{2C80C1B0-AFE9-4425-AE1E-20EB9854370B}"
EndProject
Project("{FAE04EC0-301F-11D3-BF4B-00C04F79EFBC}") = "Links", "Links\Links.csproj", "{6B8D301E-CC8B-4B77-8C9E-B89D77DA3B89}"
EndProject
Project("{FAE04EC0-301F-11D3-BF4B-00C04F79EFBC}") = "ListView", "ListView\ListView.csproj", "{94B45FA4-E583-40F6-A33E-09FEA9DD4DF7}"
EndProject
Project("{FAE04EC0-301F-11D3-BF4B-00C04F79EFBC}") = "Resources", "Resources\Resources.csproj", "{37928489-6220-48A9-B667-BE37B5F481C3}"
EndProject
Project("{FAE04EC0-301F-11D3-BF4B-00C04F79EFBC}") = "Sport", "Sport\Sport.csproj", "{55F2BF97-B639-4FBD-BAEE-15DA75404FD2}"
EndProject
Project("{FAE04EC0-301F-11D3-BF4B-00C04F79EFBC}") = "Text", "Text\Text.csproj", "{6C4057A8-E652-437B-A53C-800CA334D159}"
EndProject
Project("{FAE04EC0-301F-11D3-BF4B-00C04F79EFBC}") = "TreeView", "TreeView\TreeView.csproj", "{54079A7B-D19E-4F39-93A9-A918D979BBBE}"
EndProject
Project("{FAE04EC0-301F-11D3-BF4B-00C04F79EFBC}") = "VisualStudioCompile", "VisualStudioCompile\VisualStudioCompile.csproj", "{AD6FD1E2-D64F-4DCD-875A-073F3AFAED30}"
EndProject
Project("{FAE04EC0-301F-11D3-BF4B-00C04F79EFBC}") = "HardCoded", "HardCoded\HardCoded.csproj", "{F2A4A4D3-BF5B-4971-A92E-D86D83605F3D}"
EndProject
Project("{2150E333-8FDC-42A3-9474-1A3956D46DE8}") = "CustomControl", "CustomControl", "{38E61AA5-5E18-4591-A484-8FE99649A65A}"
EndProject
Project("{FAE04EC0-301F-11D3-BF4B-00C04F79EFBC}") = "Control", "CustomControl\Control\Control.csproj", "{8DCD040F-D42F-41AB-B34C-7134F36B0866}"
EndProject
Project("{FAE04EC0-301F-11D3-BF4B-00C04F79EFBC}") = "Application", "CustomControl\Application\Application.csproj", "{0D20C5F3-C5FF-418F-B36C-E63D7BB61BB0}"
EndProject
Project("{2150E333-8FDC-42A3-9474-1A3956D46DE8}") = "Signed", "Signed", "{54CB5BF1-C8DF-4F5B-836E-4C06AC7FAA75}"
EndProject
Project("{FAE04EC0-301F-11D3-BF4B-00C04F79EFBC}") = "Delay", "Signed\Delay\Delay.csproj", "{DC86AD3C-961A-4EC2-99C3-5B23235FF817}"
EndProject
Project("{FAE04EC0-301F-11D3-BF4B-00C04F79EFBC}") = "Pfx", "Signed\Pfx\Pfx.csproj", "{771760A2-AE78-4CEB-AF1A-E563C051C5F7}"
EndProject
Project("{FAE04EC0-301F-11D3-BF4B-00C04F79EFBC}") = "Snk", "Signed\Snk\Snk.csproj", "{BC4853BC-AE34-458B-84BB-CC24DFC185B5}"
EndProject
Project("{FAE04EC0-301F-11D3-BF4B-00C04F79EFBC}") = "Unsigned", "Signed\Unsigned\Unsigned.csproj", "{1A93CEF2-7DFE-41D9-BEDF-F786B80733F4}"
EndProject
Project("{FAE04EC0-301F-11D3-BF4B-00C04F79EFBC}") = "SatelliteContract", "Signed\SatelliteContract\SatelliteContract.csproj", "{819A702F-96EF-4921-A2A9-B58E1B44AC65}"
EndProject
Project("{FAE04EC0-301F-11D3-BF4B-00C04F79EFBC}") = "Inherited", "Inherited\Inherited.csproj", "{CB63FF30-C8F9-4465-B522-E07B7525B081}"
EndProject
Project("{FAE04EC0-301F-11D3-BF4B-00C04F79EFBC}") = "PlatformFiles", "PlatformFiles\PlatformFiles.csproj", "{8546D833-D96F-44EB-8994-538CF78A7C77}"
EndProject
Project("{FAE04EC0-301F-11D3-BF4B-00C04F79EFBC}") = "Comments", "Comments\Comments.csproj", "{B195DCB3-4197-455A-ADB1-23C273102EF5}"
EndProject
Project("{FAE04EC0-301F-11D3-BF4B-00C04F79EFBC}") = "Encodings", "Encodings\Encodings.csproj", "{BCFAA844-D94B-4179-BBDF-1CC42109E76A}"
EndProject
Project("{FAE04EC0-301F-11D3-BF4B-00C04F79EFBC}") = "ResxData", "ResxData\ResxData.csproj", "{230B9030-C6E6-499E-846C-477CF592C428}"
EndProject
Project("{2150E333-8FDC-42A3-9474-1A3956D46DE8}") = "Patterns", "Patterns", "{0181FFEB-837E-4BAB-8E43-7F52DC6205E6}"
EndProject
Project("{FAE04EC0-301F-11D3-BF4B-00C04F79EFBC}") = "CustomPlural", "Patterns\Custom\CustomPlural.csproj", "{5397D42F-092B-4E71-9137-D2FB1A5DAA21}"
EndProject
Project("{FAE04EC0-301F-11D3-BF4B-00C04F79EFBC}") = "SinglePlural", "Patterns\Single\SinglePlural.csproj", "{B5C50139-5D9C-47A4-94A3-136DCD7EDD08}"
EndProject
Project("{FAE04EC0-301F-11D3-BF4B-00C04F79EFBC}") = "MultiPlural", "Patterns\Multi\MultiPlural.csproj", "{ED72FB98-89DB-40E9-B916-840E81410FC2}"
EndProject
Project("{FAE04EC0-301F-11D3-BF4B-00C04F79EFBC}") = "MixedPlural", "Patterns\Mixed\MixedPlural.csproj", "{79CFBC2E-48AB-434F-B6AF-5BC23839C042}"
EndProject
Project("{FAE04EC0-301F-11D3-BF4B-00C04F79EFBC}") = "Select", "Patterns\Select\Select.csproj", "{E8F5408E-FD50-450D-B794-97CE60CA8743}"
EndProject
Project("{2150E333-8FDC-42A3-9474-1A3956D46DE8}") = "BiDi", "BiDi", "{88A59274-0BB4-439F-9784-800B4CA2D34B}"
EndProject
Project("{FAE04EC0-301F-11D3-BF4B-00C04F79EFBC}") = "BidiEnglish", "BiDi\BidiEnglish\BidiEnglish.csproj", "{8F695C2F-C7A1-4261-8DC8-71F594424472}"
EndProject
Project("{FAE04EC0-301F-11D3-BF4B-00C04F79EFBC}") = "BiDiArabic", "BiDi\BiDiArabic\BiDiArabic.csproj", "{30718097-6431-42CA-A1FE-A70575576BA4}"
EndProject
Project("{FAE04EC0-301F-11D3-BF4B-00C04F79EFBC}") = "Ime", "Ime\Ime.csproj", "{AB482965-B914-47A6-A3D6-B467B834702E}"
EndProject
Project("{FAE04EC0-301F-11D3-BF4B-00C04F79EFBC}") = "BidiSimple", "BiDi\BidiSimple\BidiSimple.csproj", "{9D0E2623-0738-4501-A470-06A69E2DCDA8}"
EndProject
Project("{FAE04EC0-301F-11D3-BF4B-00C04F79EFBC}") = "Font", "Font\Font.csproj", "{E490F01B-5F99-4593-832F-9274B165E71B}"
EndProject
Project("{FAE04EC0-301F-11D3-BF4B-00C04F79EFBC}") = "FileDialog", "FileDialog\FileDialog.csproj", "{F8A658E6-40AA-42E5-B2B7-3370D2C20164}"
EndProject
Project("{FAE04EC0-301F-11D3-BF4B-00C04F79EFBC}") = "ResourceStringLocation", "ResourceStringLocation\ResourceStringLocation.csproj", "{05AEB1A7-8245-4042-BC8C-645D25B8FFD6}"
EndProject
Project("{2150E333-8FDC-42A3-9474-1A3956D46DE8}") = "Driving", "Driving", "{F78A4B43-72E6-4E1B-8762-2695F0A16828}"
EndProject
Project("{FAE04EC0-301F-11D3-BF4B-00C04F79EFBC}") = "Original", "Driving\Original\Original.csproj", "{32926002-EE8D-4D66-98DE-CA0455A68A3F}"
EndProject
Project("{FAE04EC0-301F-11D3-BF4B-00C04F79EFBC}") = "Multilingual", "Driving\Multilingual\Multilingual.csproj", "{E0F8513B-E439-4E57-98FF-AD3E1E86670D}"
EndProject
Project("{2150E333-8FDC-42A3-9474-1A3956D46DE8}") = "Tutorial", "Tutorial", "{F9DE5A3B-7465-4D5A-9DAE-15CC840BF44D}"
EndProject
Project("{FAE04EC0-301F-11D3-BF4B-00C04F79EFBC}") = "BadSample", "Tutorial\BadSample\BadSample.csproj", "{188FFA75-E896-4A13-9658-6A05D7DEC5C3}"
EndProject
Project("{FAE04EC0-301F-11D3-BF4B-00C04F79EFBC}") = "GoodSample", "Tutorial\GoodSample\GoodSample.csproj", "{CA49B384-B0A7-4677-857C-1B893140E83B}"
EndProject
Project("{FAE04EC0-301F-11D3-BF4B-00C04F79EFBC}") = "Menu", "Menu\Menu.csproj", "{6838A0AA-FDBF-4AF7-BF14-208642BAF403}"
EndProject
Project("{FAE04EC0-301F-11D3-BF4B-00C04F79EFBC}") = "SubDir", "SubDir\SubDir.csproj", "{F701F0CB-9531-4EE7-9E28-4793AC950800}"
EndProject
Project("{FAE04EC0-301F-11D3-BF4B-00C04F79EFBC}") = "EmbeddedResources", "EmbeddedResources\EmbeddedResources.csproj", "{FD130C79-728B-4614-A043-1BB613854D2C}"
EndProject
Project("{FAE04EC0-301F-11D3-BF4B-00C04F79EFBC}") = "ResourceName", "ResourceName\ResourceName.csproj", "{F43F4A85-EF06-4F8F-BB02-A36F2DA7A480}"
EndProject
Project("{FAE04EC0-301F-11D3-BF4B-00C04F79EFBC}") = "StringFormat", "StringFormat\StringFormat.csproj", "{DDEFC823-6F48-4D0D-82B4-948C8EC8F075}"
EndProject
Project("{FAE04EC0-301F-11D3-BF4B-00C04F79EFBC}") = "Version", "Version\Version.csproj", "{E01F3A06-7291-48CF-82CB-99D46D3525B4}"
EndProject
Project("{FAE04EC0-301F-11D3-BF4B-00C04F79EFBC}") = "Number", "Number\Number.csproj", "{F1CF9369-9BB4-4B0B-A951-DA9C7F4351DB}"
EndProject
Project("{2150E333-8FDC-42A3-9474-1A3956D46DE8}") = "Library", "Library", "{C9AB693E-E2A8-4AD7-B8FF-20B0F4E55017}"
EndProject
Project("{9A19103F-16F7-4668-BE54-9A1E7A4F7556}") = "Standard", "..\..\Library\NET\Standard\Standard.csproj", "{8CDFA77C-74FC-4FF7-89BC-F1FB493FE192}"
EndProject
Project("{FAE04EC0-301F-11D3-BF4B-00C04F79EFBC}") = "SimpleGender", "Patterns\Gender\SimpleGender.csproj", "{9B74D33A-0B9F-42D4-9E1A-9D7005201748}"
EndProject
Project("{FAE04EC0-301F-11D3-BF4B-00C04F79EFBC}") = "Forms", "..\..\Library\NET\Translator\Forms\Forms.csproj", "{324033D7-0A11-4B76-852C-B48AEAD2FA0A}"
EndProject
Project("{FAE04EC0-301F-11D3-BF4B-00C04F79EFBC}") = "Framework", "..\..\Library\NET\Framework\Framework.csproj", "{5E9D3A55-AC2A-4E50-91FA-473D871D024F}"
EndProject
Project("{FAE04EC0-301F-11D3-BF4B-00C04F79EFBC}") = "Sound", "Sound\Sound.csproj", "{C68EDACF-73C5-4F8E-A878-225B5D05C0A0}"
EndProject
Global
	GlobalSection(SolutionConfigurationPlatforms) = preSolution
		Debug|Any CPU = Debug|Any CPU
		Release|Any CPU = Release|Any CPU
	EndGlobalSection
	GlobalSection(ProjectConfigurationPlatforms) = postSolution
		{855C3849-7956-4D8A-AB05-4174E4C7FFE8}.Debug|Any CPU.ActiveCfg = Debug|Any CPU
		{855C3849-7956-4D8A-AB05-4174E4C7FFE8}.Debug|Any CPU.Build.0 = Debug|Any CPU
		{855C3849-7956-4D8A-AB05-4174E4C7FFE8}.Release|Any CPU.ActiveCfg = Release|Any CPU
		{855C3849-7956-4D8A-AB05-4174E4C7FFE8}.Release|Any CPU.Build.0 = Release|Any CPU
		{5DDFAF7D-1403-49E0-8526-648E5661CD04}.Debug|Any CPU.ActiveCfg = Debug|Any CPU
		{5DDFAF7D-1403-49E0-8526-648E5661CD04}.Debug|Any CPU.Build.0 = Debug|Any CPU
		{5DDFAF7D-1403-49E0-8526-648E5661CD04}.Release|Any CPU.ActiveCfg = Release|Any CPU
		{5DDFAF7D-1403-49E0-8526-648E5661CD04}.Release|Any CPU.Build.0 = Release|Any CPU
		{EE176A76-CDF3-43A4-A960-620BFC77D3C6}.Debug|Any CPU.ActiveCfg = Debug|Any CPU
		{EE176A76-CDF3-43A4-A960-620BFC77D3C6}.Debug|Any CPU.Build.0 = Debug|Any CPU
		{EE176A76-CDF3-43A4-A960-620BFC77D3C6}.Release|Any CPU.ActiveCfg = Release|Any CPU
		{EE176A76-CDF3-43A4-A960-620BFC77D3C6}.Release|Any CPU.Build.0 = Release|Any CPU
		{800E227B-BF4B-4EC6-8DD0-D63083B153E8}.Debug|Any CPU.ActiveCfg = Debug|Any CPU
		{800E227B-BF4B-4EC6-8DD0-D63083B153E8}.Debug|Any CPU.Build.0 = Debug|Any CPU
		{800E227B-BF4B-4EC6-8DD0-D63083B153E8}.Release|Any CPU.ActiveCfg = Release|Any CPU
		{800E227B-BF4B-4EC6-8DD0-D63083B153E8}.Release|Any CPU.Build.0 = Release|Any CPU
		{44025F99-0CCC-4A48-BECD-97190DCE3014}.Debug|Any CPU.ActiveCfg = Debug|Any CPU
		{44025F99-0CCC-4A48-BECD-97190DCE3014}.Debug|Any CPU.Build.0 = Debug|Any CPU
		{44025F99-0CCC-4A48-BECD-97190DCE3014}.Release|Any CPU.ActiveCfg = Release|Any CPU
		{44025F99-0CCC-4A48-BECD-97190DCE3014}.Release|Any CPU.Build.0 = Release|Any CPU
		{2C80C1B0-AFE9-4425-AE1E-20EB9854370B}.Debug|Any CPU.ActiveCfg = Debug|Any CPU
		{2C80C1B0-AFE9-4425-AE1E-20EB9854370B}.Debug|Any CPU.Build.0 = Debug|Any CPU
		{2C80C1B0-AFE9-4425-AE1E-20EB9854370B}.Release|Any CPU.ActiveCfg = Release|Any CPU
		{2C80C1B0-AFE9-4425-AE1E-20EB9854370B}.Release|Any CPU.Build.0 = Release|Any CPU
		{6B8D301E-CC8B-4B77-8C9E-B89D77DA3B89}.Debug|Any CPU.ActiveCfg = Debug|Any CPU
		{6B8D301E-CC8B-4B77-8C9E-B89D77DA3B89}.Debug|Any CPU.Build.0 = Debug|Any CPU
		{6B8D301E-CC8B-4B77-8C9E-B89D77DA3B89}.Release|Any CPU.ActiveCfg = Release|Any CPU
		{6B8D301E-CC8B-4B77-8C9E-B89D77DA3B89}.Release|Any CPU.Build.0 = Release|Any CPU
		{94B45FA4-E583-40F6-A33E-09FEA9DD4DF7}.Debug|Any CPU.ActiveCfg = Debug|Any CPU
		{94B45FA4-E583-40F6-A33E-09FEA9DD4DF7}.Debug|Any CPU.Build.0 = Debug|Any CPU
		{94B45FA4-E583-40F6-A33E-09FEA9DD4DF7}.Release|Any CPU.ActiveCfg = Release|Any CPU
		{94B45FA4-E583-40F6-A33E-09FEA9DD4DF7}.Release|Any CPU.Build.0 = Release|Any CPU
		{37928489-6220-48A9-B667-BE37B5F481C3}.Debug|Any CPU.ActiveCfg = Debug|Any CPU
		{37928489-6220-48A9-B667-BE37B5F481C3}.Debug|Any CPU.Build.0 = Debug|Any CPU
		{37928489-6220-48A9-B667-BE37B5F481C3}.Release|Any CPU.ActiveCfg = Release|Any CPU
		{37928489-6220-48A9-B667-BE37B5F481C3}.Release|Any CPU.Build.0 = Release|Any CPU
		{55F2BF97-B639-4FBD-BAEE-15DA75404FD2}.Debug|Any CPU.ActiveCfg = Debug|Any CPU
		{55F2BF97-B639-4FBD-BAEE-15DA75404FD2}.Debug|Any CPU.Build.0 = Debug|Any CPU
		{55F2BF97-B639-4FBD-BAEE-15DA75404FD2}.Release|Any CPU.ActiveCfg = Release|Any CPU
		{55F2BF97-B639-4FBD-BAEE-15DA75404FD2}.Release|Any CPU.Build.0 = Release|Any CPU
		{6C4057A8-E652-437B-A53C-800CA334D159}.Debug|Any CPU.ActiveCfg = Debug|Any CPU
		{6C4057A8-E652-437B-A53C-800CA334D159}.Debug|Any CPU.Build.0 = Debug|Any CPU
		{6C4057A8-E652-437B-A53C-800CA334D159}.Release|Any CPU.ActiveCfg = Release|Any CPU
		{6C4057A8-E652-437B-A53C-800CA334D159}.Release|Any CPU.Build.0 = Release|Any CPU
		{54079A7B-D19E-4F39-93A9-A918D979BBBE}.Debug|Any CPU.ActiveCfg = Debug|Any CPU
		{54079A7B-D19E-4F39-93A9-A918D979BBBE}.Debug|Any CPU.Build.0 = Debug|Any CPU
		{54079A7B-D19E-4F39-93A9-A918D979BBBE}.Release|Any CPU.ActiveCfg = Release|Any CPU
		{54079A7B-D19E-4F39-93A9-A918D979BBBE}.Release|Any CPU.Build.0 = Release|Any CPU
		{AD6FD1E2-D64F-4DCD-875A-073F3AFAED30}.Debug|Any CPU.ActiveCfg = Debug|Any CPU
		{AD6FD1E2-D64F-4DCD-875A-073F3AFAED30}.Debug|Any CPU.Build.0 = Debug|Any CPU
		{AD6FD1E2-D64F-4DCD-875A-073F3AFAED30}.Release|Any CPU.ActiveCfg = Release|Any CPU
		{AD6FD1E2-D64F-4DCD-875A-073F3AFAED30}.Release|Any CPU.Build.0 = Release|Any CPU
		{F2A4A4D3-BF5B-4971-A92E-D86D83605F3D}.Debug|Any CPU.ActiveCfg = Debug|Any CPU
		{F2A4A4D3-BF5B-4971-A92E-D86D83605F3D}.Debug|Any CPU.Build.0 = Debug|Any CPU
		{F2A4A4D3-BF5B-4971-A92E-D86D83605F3D}.Release|Any CPU.ActiveCfg = Release|Any CPU
		{F2A4A4D3-BF5B-4971-A92E-D86D83605F3D}.Release|Any CPU.Build.0 = Release|Any CPU
		{8DCD040F-D42F-41AB-B34C-7134F36B0866}.Debug|Any CPU.ActiveCfg = Debug|Any CPU
		{8DCD040F-D42F-41AB-B34C-7134F36B0866}.Debug|Any CPU.Build.0 = Debug|Any CPU
		{8DCD040F-D42F-41AB-B34C-7134F36B0866}.Release|Any CPU.ActiveCfg = Release|Any CPU
		{8DCD040F-D42F-41AB-B34C-7134F36B0866}.Release|Any CPU.Build.0 = Release|Any CPU
		{0D20C5F3-C5FF-418F-B36C-E63D7BB61BB0}.Debug|Any CPU.ActiveCfg = Debug|Any CPU
		{0D20C5F3-C5FF-418F-B36C-E63D7BB61BB0}.Debug|Any CPU.Build.0 = Debug|Any CPU
		{0D20C5F3-C5FF-418F-B36C-E63D7BB61BB0}.Release|Any CPU.ActiveCfg = Release|Any CPU
		{0D20C5F3-C5FF-418F-B36C-E63D7BB61BB0}.Release|Any CPU.Build.0 = Release|Any CPU
		{DC86AD3C-961A-4EC2-99C3-5B23235FF817}.Debug|Any CPU.ActiveCfg = Debug|Any CPU
		{DC86AD3C-961A-4EC2-99C3-5B23235FF817}.Debug|Any CPU.Build.0 = Debug|Any CPU
		{DC86AD3C-961A-4EC2-99C3-5B23235FF817}.Release|Any CPU.ActiveCfg = Release|Any CPU
		{DC86AD3C-961A-4EC2-99C3-5B23235FF817}.Release|Any CPU.Build.0 = Release|Any CPU
		{771760A2-AE78-4CEB-AF1A-E563C051C5F7}.Debug|Any CPU.ActiveCfg = Debug|Any CPU
		{771760A2-AE78-4CEB-AF1A-E563C051C5F7}.Debug|Any CPU.Build.0 = Debug|Any CPU
		{771760A2-AE78-4CEB-AF1A-E563C051C5F7}.Release|Any CPU.ActiveCfg = Release|Any CPU
		{771760A2-AE78-4CEB-AF1A-E563C051C5F7}.Release|Any CPU.Build.0 = Release|Any CPU
		{BC4853BC-AE34-458B-84BB-CC24DFC185B5}.Debug|Any CPU.ActiveCfg = Debug|Any CPU
		{BC4853BC-AE34-458B-84BB-CC24DFC185B5}.Debug|Any CPU.Build.0 = Debug|Any CPU
		{BC4853BC-AE34-458B-84BB-CC24DFC185B5}.Release|Any CPU.ActiveCfg = Release|Any CPU
		{BC4853BC-AE34-458B-84BB-CC24DFC185B5}.Release|Any CPU.Build.0 = Release|Any CPU
		{1A93CEF2-7DFE-41D9-BEDF-F786B80733F4}.Debug|Any CPU.ActiveCfg = Debug|Any CPU
		{1A93CEF2-7DFE-41D9-BEDF-F786B80733F4}.Debug|Any CPU.Build.0 = Debug|Any CPU
		{1A93CEF2-7DFE-41D9-BEDF-F786B80733F4}.Release|Any CPU.ActiveCfg = Release|Any CPU
		{1A93CEF2-7DFE-41D9-BEDF-F786B80733F4}.Release|Any CPU.Build.0 = Release|Any CPU
		{819A702F-96EF-4921-A2A9-B58E1B44AC65}.Debug|Any CPU.ActiveCfg = Debug|Any CPU
		{819A702F-96EF-4921-A2A9-B58E1B44AC65}.Debug|Any CPU.Build.0 = Debug|Any CPU
		{819A702F-96EF-4921-A2A9-B58E1B44AC65}.Release|Any CPU.ActiveCfg = Release|Any CPU
		{819A702F-96EF-4921-A2A9-B58E1B44AC65}.Release|Any CPU.Build.0 = Release|Any CPU
		{CB63FF30-C8F9-4465-B522-E07B7525B081}.Debug|Any CPU.ActiveCfg = Debug|Any CPU
		{CB63FF30-C8F9-4465-B522-E07B7525B081}.Debug|Any CPU.Build.0 = Debug|Any CPU
		{CB63FF30-C8F9-4465-B522-E07B7525B081}.Release|Any CPU.ActiveCfg = Release|Any CPU
		{CB63FF30-C8F9-4465-B522-E07B7525B081}.Release|Any CPU.Build.0 = Release|Any CPU
		{8546D833-D96F-44EB-8994-538CF78A7C77}.Debug|Any CPU.ActiveCfg = Custom|Any CPU
		{8546D833-D96F-44EB-8994-538CF78A7C77}.Debug|Any CPU.Build.0 = Custom|Any CPU
		{8546D833-D96F-44EB-8994-538CF78A7C77}.Release|Any CPU.ActiveCfg = Release|Any CPU
		{8546D833-D96F-44EB-8994-538CF78A7C77}.Release|Any CPU.Build.0 = Release|Any CPU
		{B195DCB3-4197-455A-ADB1-23C273102EF5}.Debug|Any CPU.ActiveCfg = Debug|Any CPU
		{B195DCB3-4197-455A-ADB1-23C273102EF5}.Debug|Any CPU.Build.0 = Debug|Any CPU
		{B195DCB3-4197-455A-ADB1-23C273102EF5}.Release|Any CPU.ActiveCfg = Release|Any CPU
		{B195DCB3-4197-455A-ADB1-23C273102EF5}.Release|Any CPU.Build.0 = Release|Any CPU
		{BCFAA844-D94B-4179-BBDF-1CC42109E76A}.Debug|Any CPU.ActiveCfg = Debug|Any CPU
		{BCFAA844-D94B-4179-BBDF-1CC42109E76A}.Debug|Any CPU.Build.0 = Debug|Any CPU
		{BCFAA844-D94B-4179-BBDF-1CC42109E76A}.Release|Any CPU.ActiveCfg = Release|Any CPU
		{BCFAA844-D94B-4179-BBDF-1CC42109E76A}.Release|Any CPU.Build.0 = Release|Any CPU
		{230B9030-C6E6-499E-846C-477CF592C428}.Debug|Any CPU.ActiveCfg = Debug|Any CPU
		{230B9030-C6E6-499E-846C-477CF592C428}.Debug|Any CPU.Build.0 = Debug|Any CPU
		{230B9030-C6E6-499E-846C-477CF592C428}.Release|Any CPU.ActiveCfg = Release|Any CPU
		{230B9030-C6E6-499E-846C-477CF592C428}.Release|Any CPU.Build.0 = Release|Any CPU
		{5397D42F-092B-4E71-9137-D2FB1A5DAA21}.Debug|Any CPU.ActiveCfg = Debug|Any CPU
		{5397D42F-092B-4E71-9137-D2FB1A5DAA21}.Debug|Any CPU.Build.0 = Debug|Any CPU
		{5397D42F-092B-4E71-9137-D2FB1A5DAA21}.Release|Any CPU.ActiveCfg = Release|Any CPU
		{5397D42F-092B-4E71-9137-D2FB1A5DAA21}.Release|Any CPU.Build.0 = Release|Any CPU
		{B5C50139-5D9C-47A4-94A3-136DCD7EDD08}.Debug|Any CPU.ActiveCfg = Debug|Any CPU
		{B5C50139-5D9C-47A4-94A3-136DCD7EDD08}.Debug|Any CPU.Build.0 = Debug|Any CPU
		{B5C50139-5D9C-47A4-94A3-136DCD7EDD08}.Release|Any CPU.ActiveCfg = Release|Any CPU
		{B5C50139-5D9C-47A4-94A3-136DCD7EDD08}.Release|Any CPU.Build.0 = Release|Any CPU
		{ED72FB98-89DB-40E9-B916-840E81410FC2}.Debug|Any CPU.ActiveCfg = Debug|Any CPU
		{ED72FB98-89DB-40E9-B916-840E81410FC2}.Debug|Any CPU.Build.0 = Debug|Any CPU
		{ED72FB98-89DB-40E9-B916-840E81410FC2}.Release|Any CPU.ActiveCfg = Release|Any CPU
		{ED72FB98-89DB-40E9-B916-840E81410FC2}.Release|Any CPU.Build.0 = Release|Any CPU
		{79CFBC2E-48AB-434F-B6AF-5BC23839C042}.Debug|Any CPU.ActiveCfg = Debug|Any CPU
		{79CFBC2E-48AB-434F-B6AF-5BC23839C042}.Debug|Any CPU.Build.0 = Debug|Any CPU
		{79CFBC2E-48AB-434F-B6AF-5BC23839C042}.Release|Any CPU.ActiveCfg = Release|Any CPU
		{79CFBC2E-48AB-434F-B6AF-5BC23839C042}.Release|Any CPU.Build.0 = Release|Any CPU
		{E8F5408E-FD50-450D-B794-97CE60CA8743}.Debug|Any CPU.ActiveCfg = Debug|Any CPU
		{E8F5408E-FD50-450D-B794-97CE60CA8743}.Debug|Any CPU.Build.0 = Debug|Any CPU
		{E8F5408E-FD50-450D-B794-97CE60CA8743}.Release|Any CPU.ActiveCfg = Release|Any CPU
		{E8F5408E-FD50-450D-B794-97CE60CA8743}.Release|Any CPU.Build.0 = Release|Any CPU
		{8F695C2F-C7A1-4261-8DC8-71F594424472}.Debug|Any CPU.ActiveCfg = Debug|Any CPU
		{8F695C2F-C7A1-4261-8DC8-71F594424472}.Debug|Any CPU.Build.0 = Debug|Any CPU
		{8F695C2F-C7A1-4261-8DC8-71F594424472}.Release|Any CPU.ActiveCfg = Release|Any CPU
		{8F695C2F-C7A1-4261-8DC8-71F594424472}.Release|Any CPU.Build.0 = Release|Any CPU
		{30718097-6431-42CA-A1FE-A70575576BA4}.Debug|Any CPU.ActiveCfg = Debug|Any CPU
		{30718097-6431-42CA-A1FE-A70575576BA4}.Debug|Any CPU.Build.0 = Debug|Any CPU
		{30718097-6431-42CA-A1FE-A70575576BA4}.Release|Any CPU.ActiveCfg = Release|Any CPU
		{30718097-6431-42CA-A1FE-A70575576BA4}.Release|Any CPU.Build.0 = Release|Any CPU
		{AB482965-B914-47A6-A3D6-B467B834702E}.Debug|Any CPU.ActiveCfg = Debug|Any CPU
		{AB482965-B914-47A6-A3D6-B467B834702E}.Debug|Any CPU.Build.0 = Debug|Any CPU
		{AB482965-B914-47A6-A3D6-B467B834702E}.Release|Any CPU.ActiveCfg = Release|Any CPU
		{AB482965-B914-47A6-A3D6-B467B834702E}.Release|Any CPU.Build.0 = Release|Any CPU
		{9D0E2623-0738-4501-A470-06A69E2DCDA8}.Debug|Any CPU.ActiveCfg = Debug|Any CPU
		{9D0E2623-0738-4501-A470-06A69E2DCDA8}.Debug|Any CPU.Build.0 = Debug|Any CPU
		{9D0E2623-0738-4501-A470-06A69E2DCDA8}.Release|Any CPU.ActiveCfg = Release|Any CPU
		{9D0E2623-0738-4501-A470-06A69E2DCDA8}.Release|Any CPU.Build.0 = Release|Any CPU
		{E490F01B-5F99-4593-832F-9274B165E71B}.Debug|Any CPU.ActiveCfg = Debug|Any CPU
		{E490F01B-5F99-4593-832F-9274B165E71B}.Debug|Any CPU.Build.0 = Debug|Any CPU
		{E490F01B-5F99-4593-832F-9274B165E71B}.Release|Any CPU.ActiveCfg = Release|Any CPU
		{E490F01B-5F99-4593-832F-9274B165E71B}.Release|Any CPU.Build.0 = Release|Any CPU
		{F8A658E6-40AA-42E5-B2B7-3370D2C20164}.Debug|Any CPU.ActiveCfg = Debug|Any CPU
		{F8A658E6-40AA-42E5-B2B7-3370D2C20164}.Debug|Any CPU.Build.0 = Debug|Any CPU
		{F8A658E6-40AA-42E5-B2B7-3370D2C20164}.Release|Any CPU.ActiveCfg = Release|Any CPU
		{F8A658E6-40AA-42E5-B2B7-3370D2C20164}.Release|Any CPU.Build.0 = Release|Any CPU
		{05AEB1A7-8245-4042-BC8C-645D25B8FFD6}.Debug|Any CPU.ActiveCfg = Debug|Any CPU
		{05AEB1A7-8245-4042-BC8C-645D25B8FFD6}.Debug|Any CPU.Build.0 = Debug|Any CPU
		{05AEB1A7-8245-4042-BC8C-645D25B8FFD6}.Release|Any CPU.ActiveCfg = Release|Any CPU
		{05AEB1A7-8245-4042-BC8C-645D25B8FFD6}.Release|Any CPU.Build.0 = Release|Any CPU
		{32926002-EE8D-4D66-98DE-CA0455A68A3F}.Debug|Any CPU.ActiveCfg = Debug|Any CPU
		{32926002-EE8D-4D66-98DE-CA0455A68A3F}.Debug|Any CPU.Build.0 = Debug|Any CPU
		{32926002-EE8D-4D66-98DE-CA0455A68A3F}.Release|Any CPU.ActiveCfg = Release|Any CPU
		{32926002-EE8D-4D66-98DE-CA0455A68A3F}.Release|Any CPU.Build.0 = Release|Any CPU
		{E0F8513B-E439-4E57-98FF-AD3E1E86670D}.Debug|Any CPU.ActiveCfg = Debug|Any CPU
		{E0F8513B-E439-4E57-98FF-AD3E1E86670D}.Debug|Any CPU.Build.0 = Debug|Any CPU
		{E0F8513B-E439-4E57-98FF-AD3E1E86670D}.Release|Any CPU.ActiveCfg = Release|Any CPU
		{E0F8513B-E439-4E57-98FF-AD3E1E86670D}.Release|Any CPU.Build.0 = Release|Any CPU
		{188FFA75-E896-4A13-9658-6A05D7DEC5C3}.Debug|Any CPU.ActiveCfg = Debug|Any CPU
		{188FFA75-E896-4A13-9658-6A05D7DEC5C3}.Debug|Any CPU.Build.0 = Debug|Any CPU
		{188FFA75-E896-4A13-9658-6A05D7DEC5C3}.Release|Any CPU.ActiveCfg = Release|Any CPU
		{188FFA75-E896-4A13-9658-6A05D7DEC5C3}.Release|Any CPU.Build.0 = Release|Any CPU
		{CA49B384-B0A7-4677-857C-1B893140E83B}.Debug|Any CPU.ActiveCfg = Debug|Any CPU
		{CA49B384-B0A7-4677-857C-1B893140E83B}.Debug|Any CPU.Build.0 = Debug|Any CPU
		{CA49B384-B0A7-4677-857C-1B893140E83B}.Release|Any CPU.ActiveCfg = Release|Any CPU
		{CA49B384-B0A7-4677-857C-1B893140E83B}.Release|Any CPU.Build.0 = Release|Any CPU
		{6838A0AA-FDBF-4AF7-BF14-208642BAF403}.Debug|Any CPU.ActiveCfg = Debug|Any CPU
		{6838A0AA-FDBF-4AF7-BF14-208642BAF403}.Debug|Any CPU.Build.0 = Debug|Any CPU
		{6838A0AA-FDBF-4AF7-BF14-208642BAF403}.Release|Any CPU.ActiveCfg = Release|Any CPU
		{6838A0AA-FDBF-4AF7-BF14-208642BAF403}.Release|Any CPU.Build.0 = Release|Any CPU
		{F701F0CB-9531-4EE7-9E28-4793AC950800}.Debug|Any CPU.ActiveCfg = Debug|Any CPU
		{F701F0CB-9531-4EE7-9E28-4793AC950800}.Debug|Any CPU.Build.0 = Debug|Any CPU
		{F701F0CB-9531-4EE7-9E28-4793AC950800}.Release|Any CPU.ActiveCfg = Release|Any CPU
		{F701F0CB-9531-4EE7-9E28-4793AC950800}.Release|Any CPU.Build.0 = Release|Any CPU
		{FD130C79-728B-4614-A043-1BB613854D2C}.Debug|Any CPU.ActiveCfg = Debug|Any CPU
		{FD130C79-728B-4614-A043-1BB613854D2C}.Debug|Any CPU.Build.0 = Debug|Any CPU
		{FD130C79-728B-4614-A043-1BB613854D2C}.Release|Any CPU.ActiveCfg = Release|Any CPU
		{FD130C79-728B-4614-A043-1BB613854D2C}.Release|Any CPU.Build.0 = Release|Any CPU
		{F43F4A85-EF06-4F8F-BB02-A36F2DA7A480}.Debug|Any CPU.ActiveCfg = Debug|Any CPU
		{F43F4A85-EF06-4F8F-BB02-A36F2DA7A480}.Debug|Any CPU.Build.0 = Debug|Any CPU
		{F43F4A85-EF06-4F8F-BB02-A36F2DA7A480}.Release|Any CPU.ActiveCfg = Release|Any CPU
		{F43F4A85-EF06-4F8F-BB02-A36F2DA7A480}.Release|Any CPU.Build.0 = Release|Any CPU
		{DDEFC823-6F48-4D0D-82B4-948C8EC8F075}.Debug|Any CPU.ActiveCfg = Debug|Any CPU
		{DDEFC823-6F48-4D0D-82B4-948C8EC8F075}.Debug|Any CPU.Build.0 = Debug|Any CPU
		{DDEFC823-6F48-4D0D-82B4-948C8EC8F075}.Release|Any CPU.ActiveCfg = Release|Any CPU
		{DDEFC823-6F48-4D0D-82B4-948C8EC8F075}.Release|Any CPU.Build.0 = Release|Any CPU
		{E01F3A06-7291-48CF-82CB-99D46D3525B4}.Debug|Any CPU.ActiveCfg = Debug|Any CPU
		{E01F3A06-7291-48CF-82CB-99D46D3525B4}.Debug|Any CPU.Build.0 = Debug|Any CPU
		{E01F3A06-7291-48CF-82CB-99D46D3525B4}.Release|Any CPU.ActiveCfg = Release|Any CPU
		{E01F3A06-7291-48CF-82CB-99D46D3525B4}.Release|Any CPU.Build.0 = Release|Any CPU
		{F1CF9369-9BB4-4B0B-A951-DA9C7F4351DB}.Debug|Any CPU.ActiveCfg = Debug|Any CPU
		{F1CF9369-9BB4-4B0B-A951-DA9C7F4351DB}.Debug|Any CPU.Build.0 = Debug|Any CPU
		{F1CF9369-9BB4-4B0B-A951-DA9C7F4351DB}.Release|Any CPU.ActiveCfg = Release|Any CPU
		{F1CF9369-9BB4-4B0B-A951-DA9C7F4351DB}.Release|Any CPU.Build.0 = Release|Any CPU
		{8CDFA77C-74FC-4FF7-89BC-F1FB493FE192}.Debug|Any CPU.ActiveCfg = Debug|Any CPU
		{8CDFA77C-74FC-4FF7-89BC-F1FB493FE192}.Debug|Any CPU.Build.0 = Debug|Any CPU
		{8CDFA77C-74FC-4FF7-89BC-F1FB493FE192}.Release|Any CPU.ActiveCfg = Release|Any CPU
		{8CDFA77C-74FC-4FF7-89BC-F1FB493FE192}.Release|Any CPU.Build.0 = Release|Any CPU
		{9B74D33A-0B9F-42D4-9E1A-9D7005201748}.Debug|Any CPU.ActiveCfg = Debug|Any CPU
		{9B74D33A-0B9F-42D4-9E1A-9D7005201748}.Debug|Any CPU.Build.0 = Debug|Any CPU
		{9B74D33A-0B9F-42D4-9E1A-9D7005201748}.Release|Any CPU.ActiveCfg = Release|Any CPU
		{9B74D33A-0B9F-42D4-9E1A-9D7005201748}.Release|Any CPU.Build.0 = Release|Any CPU
		{324033D7-0A11-4B76-852C-B48AEAD2FA0A}.Debug|Any CPU.ActiveCfg = Debug|Any CPU
		{324033D7-0A11-4B76-852C-B48AEAD2FA0A}.Debug|Any CPU.Build.0 = Debug|Any CPU
		{324033D7-0A11-4B76-852C-B48AEAD2FA0A}.Release|Any CPU.ActiveCfg = Release|Any CPU
		{324033D7-0A11-4B76-852C-B48AEAD2FA0A}.Release|Any CPU.Build.0 = Release|Any CPU
		{5E9D3A55-AC2A-4E50-91FA-473D871D024F}.Debug|Any CPU.ActiveCfg = Debug|Any CPU
		{5E9D3A55-AC2A-4E50-91FA-473D871D024F}.Debug|Any CPU.Build.0 = Debug|Any CPU
		{5E9D3A55-AC2A-4E50-91FA-473D871D024F}.Release|Any CPU.ActiveCfg = Release|Any CPU
		{5E9D3A55-AC2A-4E50-91FA-473D871D024F}.Release|Any CPU.Build.0 = Release|Any CPU
		{C68EDACF-73C5-4F8E-A878-225B5D05C0A0}.Debug|Any CPU.ActiveCfg = Debug|Any CPU
		{C68EDACF-73C5-4F8E-A878-225B5D05C0A0}.Debug|Any CPU.Build.0 = Debug|Any CPU
		{C68EDACF-73C5-4F8E-A878-225B5D05C0A0}.Release|Any CPU.ActiveCfg = Release|Any CPU
		{C68EDACF-73C5-4F8E-A878-225B5D05C0A0}.Release|Any CPU.Build.0 = Release|Any CPU
	EndGlobalSection
	GlobalSection(SolutionProperties) = preSolution
		HideSolutionNode = FALSE
	EndGlobalSection
	GlobalSection(NestedProjects) = preSolution
		{5DDFAF7D-1403-49E0-8526-648E5661CD04} = {F78A4B43-72E6-4E1B-8762-2695F0A16828}
		{8DCD040F-D42F-41AB-B34C-7134F36B0866} = {38E61AA5-5E18-4591-A484-8FE99649A65A}
		{0D20C5F3-C5FF-418F-B36C-E63D7BB61BB0} = {38E61AA5-5E18-4591-A484-8FE99649A65A}
		{DC86AD3C-961A-4EC2-99C3-5B23235FF817} = {54CB5BF1-C8DF-4F5B-836E-4C06AC7FAA75}
		{771760A2-AE78-4CEB-AF1A-E563C051C5F7} = {54CB5BF1-C8DF-4F5B-836E-4C06AC7FAA75}
		{BC4853BC-AE34-458B-84BB-CC24DFC185B5} = {54CB5BF1-C8DF-4F5B-836E-4C06AC7FAA75}
		{1A93CEF2-7DFE-41D9-BEDF-F786B80733F4} = {54CB5BF1-C8DF-4F5B-836E-4C06AC7FAA75}
		{819A702F-96EF-4921-A2A9-B58E1B44AC65} = {54CB5BF1-C8DF-4F5B-836E-4C06AC7FAA75}
		{5397D42F-092B-4E71-9137-D2FB1A5DAA21} = {0181FFEB-837E-4BAB-8E43-7F52DC6205E6}
		{B5C50139-5D9C-47A4-94A3-136DCD7EDD08} = {0181FFEB-837E-4BAB-8E43-7F52DC6205E6}
		{ED72FB98-89DB-40E9-B916-840E81410FC2} = {0181FFEB-837E-4BAB-8E43-7F52DC6205E6}
		{79CFBC2E-48AB-434F-B6AF-5BC23839C042} = {0181FFEB-837E-4BAB-8E43-7F52DC6205E6}
		{E8F5408E-FD50-450D-B794-97CE60CA8743} = {0181FFEB-837E-4BAB-8E43-7F52DC6205E6}
		{8F695C2F-C7A1-4261-8DC8-71F594424472} = {88A59274-0BB4-439F-9784-800B4CA2D34B}
		{30718097-6431-42CA-A1FE-A70575576BA4} = {88A59274-0BB4-439F-9784-800B4CA2D34B}
		{9D0E2623-0738-4501-A470-06A69E2DCDA8} = {88A59274-0BB4-439F-9784-800B4CA2D34B}
		{32926002-EE8D-4D66-98DE-CA0455A68A3F} = {F78A4B43-72E6-4E1B-8762-2695F0A16828}
		{E0F8513B-E439-4E57-98FF-AD3E1E86670D} = {F78A4B43-72E6-4E1B-8762-2695F0A16828}
		{188FFA75-E896-4A13-9658-6A05D7DEC5C3} = {F9DE5A3B-7465-4D5A-9DAE-15CC840BF44D}
		{CA49B384-B0A7-4677-857C-1B893140E83B} = {F9DE5A3B-7465-4D5A-9DAE-15CC840BF44D}
		{8CDFA77C-74FC-4FF7-89BC-F1FB493FE192} = {C9AB693E-E2A8-4AD7-B8FF-20B0F4E55017}
		{9B74D33A-0B9F-42D4-9E1A-9D7005201748} = {0181FFEB-837E-4BAB-8E43-7F52DC6205E6}
		{324033D7-0A11-4B76-852C-B48AEAD2FA0A} = {C9AB693E-E2A8-4AD7-B8FF-20B0F4E55017}
		{5E9D3A55-AC2A-4E50-91FA-473D871D024F} = {C9AB693E-E2A8-4AD7-B8FF-20B0F4E55017}
	EndGlobalSection
	GlobalSection(ExtensibilityGlobals) = postSolution
		SolutionGuid = {B6B1EE21-7A80-4E4A-82FC-6E453AF95444}
	EndGlobalSection
EndGlobal
