{
  "requires": true,
  "lockfileVersion": 1,
  "dependencies": {
    "cldrjs": {
      "version": "0.5.0",
      "resolved": "https://registry.npmjs.org/cldrjs/-/cldrjs-0.5.0.tgz",
      "integrity": "sha1-N76S2NGo5myO4S8TA+0xbYXY6zc="
    },
    "globalize": {
      "version": "file:globalize",
      "integrity": "sha1-TACnneZ9c5qbf/g7ZrkNAlfCdJM=",
      "requires": {
        "cldrjs": "^0.5.0"
      }
    },
    "jquery-validation-globalize": {
      "version": "file:https:/registry.npmjs.org/jquery-validation-globalize/-/jquery-validation-globalize-0.1.1.tgz",
      "integrity": "sha1-Z4/Cc7S8akNzwmVYkoYdcv4tFIA="
    }
  }
}
