
Microsoft Visual Studio Solution File, Format Version 12.00
# Visual Studio Version 16
VisualStudioVersion = 16.0.28803.156
MinimumVisualStudioVersion = 10.0.40219.1
Project("{888888A0-9F3D-457C-B088-3A5042F75D52}") = "HelloWorld", "HelloWorld\HelloWorld.pyproj", "{083EB6C1-7342-4036-913C-C12F993CA66F}"
EndProject
Project("{888888A0-9F3D-457C-B088-3A5042F75D52}") = "Driving", "Driving\Driving.pyproj", "{BEDDE497-07B3-4C61-A969-FA23DCA5CB9D}"
EndProject
Project("{888888A0-9F3D-457C-B088-3A5042F75D52}") = "Formats", "Formats\Formats.pyproj", "{82667614-5812-480C-933B-B578E9DD8091}"
EndProject
Project("{888888A0-9F3D-457C-B088-3A5042F75D52}") = "Plural", "Plural\Plural.pyproj", "{7CB00237-346B-4580-A032-2E4BFE983E3E}"
EndProject
Project("{888888A0-9F3D-457C-B088-3A5042F75D52}") = "Composite", "Composite\Composite.pyproj", "{9449B0D4-89E0-47A6-B364-3BDBB245D04E}"
EndProject
Project("{2150E333-8FDC-42A3-9474-1A3956D46DE8}") = "Django", "Django", "{D6B80B50-F1B8-4C48-B023-848EC834954B}"
EndProject
Project("{888888A0-9F3D-457C-B088-3A5042F75D52}") = "Minimal", "Django\Minimal\Minimal.pyproj", "{C13D4902-3666-4015-9A9D-6C49C8E53CC2}"
EndProject
Global
	GlobalSection(SolutionConfigurationPlatforms) = preSolution
		Debug|Any CPU = Debug|Any CPU
		Release|Any CPU = Release|Any CPU
	EndGlobalSection
	GlobalSection(ProjectConfigurationPlatforms) = postSolution
		{C13D4902-3666-4015-9A9D-6C49C8E53CC2}.Debug|Any CPU.ActiveCfg = Debug|Any CPU
		{C13D4902-3666-4015-9A9D-6C49C8E53CC2}.Debug|Any CPU.Build.0 = Debug|Any CPU
		{C13D4902-3666-4015-9A9D-6C49C8E53CC2}.Release|Any CPU.ActiveCfg = Release|Any CPU
		{C13D4902-3666-4015-9A9D-6C49C8E53CC2}.Release|Any CPU.Build.0 = Release|Any CPU
		{083EB6C1-7342-4036-913C-C12F993CA66F}.Debug|Any CPU.ActiveCfg = Debug|Any CPU
		{083EB6C1-7342-4036-913C-C12F993CA66F}.Release|Any CPU.ActiveCfg = Release|Any CPU
		{BEDDE497-07B3-4C61-A969-FA23DCA5CB9D}.Debug|Any CPU.ActiveCfg = Debug|Any CPU
		{BEDDE497-07B3-4C61-A969-FA23DCA5CB9D}.Release|Any CPU.ActiveCfg = Release|Any CPU
		{82667614-5812-480C-933B-B578E9DD8091}.Debug|Any CPU.ActiveCfg = Debug|Any CPU
		{82667614-5812-480C-933B-B578E9DD8091}.Release|Any CPU.ActiveCfg = Release|Any CPU
		{7CB00237-346B-4580-A032-2E4BFE983E3E}.Debug|Any CPU.ActiveCfg = Debug|Any CPU
		{7CB00237-346B-4580-A032-2E4BFE983E3E}.Release|Any CPU.ActiveCfg = Release|Any CPU
		{9449B0D4-89E0-47A6-B364-3BDBB245D04E}.Debug|Any CPU.ActiveCfg = Debug|Any CPU
		{9449B0D4-89E0-47A6-B364-3BDBB245D04E}.Release|Any CPU.ActiveCfg = Release|Any CPU
	EndGlobalSection
	GlobalSection(SolutionProperties) = preSolution
		HideSolutionNode = FALSE
	EndGlobalSection
	GlobalSection(NestedProjects) = preSolution
		{C13D4902-3666-4015-9A9D-6C49C8E53CC2} = {D6B80B50-F1B8-4C48-B023-848EC834954B}
		{083EB6C1-7342-4036-913C-C12F993CA66F} = {3A6D36D1-FACC-4566-9A39-62BA7F36F00C}
		{BEDDE497-07B3-4C61-A969-FA23DCA5CB9D} = {3A6D36D1-FACC-4566-9A39-62BA7F36F00C}
		{82667614-5812-480C-933B-B578E9DD8091} = {3A6D36D1-FACC-4566-9A39-62BA7F36F00C}
		{7CB00237-346B-4580-A032-2E4BFE983E3E} = {3A6D36D1-FACC-4566-9A39-62BA7F36F00C}
		{9449B0D4-89E0-47A6-B364-3BDBB245D04E} = {3A6D36D1-FACC-4566-9A39-62BA7F36F00C}
	EndGlobalSection
	GlobalSection(ExtensibilityGlobals) = postSolution
		SolutionGuid = {FD5B2C7B-F363-4C48-85BD-03FE52356B8C}
	EndGlobalSection
EndGlobal
