
Microsoft Visual Studio Solution File, Format Version 12.00
# Visual Studio 2013
VisualStudioVersion = 12.0.20827.3
MinimumVisualStudioVersion = 10.0.40219.1
Project("{FAE04EC0-301F-11D3-BF4B-00C04F79EFBC}") = "Driving", "Driving\Driving.csproj", "{FC4A240A-B03D-41A9-86C6-C98580E6EC69}"
EndProject
Project("{FAE04EC0-301F-11D3-BF4B-00C04F79EFBC}") = "Plural", "Plural\Plural.csproj", "{5727EA85-FEEF-4D2A-A990-3A120B56C4F2}"
EndProject
Global
	GlobalSection(SolutionConfigurationPlatforms) = preSolution
		Debug|Any CPU = Debug|Any CPU
		Release|Any CPU = Release|Any CPU
	EndGlobalSection
	GlobalSection(ProjectConfigurationPlatforms) = postSolution
		{FC4A240A-B03D-41A9-86C6-C98580E6EC69}.Debug|Any CPU.ActiveCfg = Debug|Any CPU
		{FC4A240A-B03D-41A9-86C6-C98580E6EC69}.Debug|Any CPU.Build.0 = Debug|Any CPU
		{FC4A240A-B03D-41A9-86C6-C98580E6EC69}.Release|Any CPU.ActiveCfg = Release|Any CPU
		{FC4A240A-B03D-41A9-86C6-C98580E6EC69}.Release|Any CPU.Build.0 = Release|Any CPU
		{5727EA85-FEEF-4D2A-A990-3A120B56C4F2}.Debug|Any CPU.ActiveCfg = Debug|Any CPU
		{5727EA85-FEEF-4D2A-A990-3A120B56C4F2}.Debug|Any CPU.Build.0 = Debug|Any CPU
		{5727EA85-FEEF-4D2A-A990-3A120B56C4F2}.Release|Any CPU.ActiveCfg = Release|Any CPU
		{5727EA85-FEEF-4D2A-A990-3A120B56C4F2}.Release|Any CPU.Build.0 = Release|Any CPU
	EndGlobalSection
	GlobalSection(SolutionProperties) = preSolution
		HideSolutionNode = FALSE
	EndGlobalSection
EndGlobal
