
Microsoft Visual Studio Solution File, Format Version 12.00
# Visual Studio Version 16
VisualStudioVersion = 16.0.29209.62
MinimumVisualStudioVersion = 10.0.40219.1
Project("{930C7802-8A8C-48F9-8165-68863BCCD9DD}") = "Driving", "Driving\Driving.wixproj", "{1E7A2A46-A592-440A-AB59-BE67082C459E}"
EndProject
Project("{930C7802-8A8C-48F9-8165-68863BCCD9DD}") = "FinnishSample", "FinnishSample\FinnishSample.wixproj", "{7F430980-A67F-45B9-948B-C0F25F65C5F0}"
EndProject
Global
	GlobalSection(SolutionConfigurationPlatforms) = preSolution
		Debug|x86 = Debug|x86
		Release|x86 = Release|x86
	EndGlobalSection
	GlobalSection(ProjectConfigurationPlatforms) = postSolution
		{1E7A2A46-A592-440A-AB59-BE67082C459E}.Debug|x86.ActiveCfg = Debug|x86
		{1E7A2A46-A592-440A-AB59-BE67082C459E}.Debug|x86.Build.0 = Debug|x86
		{1E7A2A46-A592-440A-AB59-BE67082C459E}.Release|x86.ActiveCfg = Release|x86
		{1E7A2A46-A592-440A-AB59-BE67082C459E}.Release|x86.Build.0 = Release|x86
		{7F430980-A67F-45B9-948B-C0F25F65C5F0}.Debug|x86.ActiveCfg = Debug|x86
		{7F430980-A67F-45B9-948B-C0F25F65C5F0}.Debug|x86.Build.0 = Debug|x86
		{7F430980-A67F-45B9-948B-C0F25F65C5F0}.Release|x86.ActiveCfg = Release|x86
		{7F430980-A67F-45B9-948B-C0F25F65C5F0}.Release|x86.Build.0 = Release|x86
	EndGlobalSection
	GlobalSection(SolutionProperties) = preSolution
		HideSolutionNode = FALSE
	EndGlobalSection
	GlobalSection(ExtensibilityGlobals) = postSolution
		SolutionGuid = {B0EB2FA5-5589-4AA8-8995-8814B22AAE67}
	EndGlobalSection
EndGlobal
