
Microsoft Visual Studio Solution File, Format Version 12.00
# Visual Studio Version 16
VisualStudioVersion = 16.0.28803.202
MinimumVisualStudioVersion = 10.0.40219.1
Project("{2150E333-8FDC-42A3-9474-1A3956D46DE8}") = "WebAPI", "WebAPI", "{CB0845DD-B221-4392-946C-C7A3F7D51865}"
EndProject
Project("{9A19103F-16F7-4668-BE54-9A1E7A4F7556}") = "SimpleAPI", "WebAPI\SimpleApi\SimpleAPI.csproj", "{DD031EA0-A2B4-40EE-A7F9-C9DD0BA05912}"
EndProject
Project("{9A19103F-16F7-4668-BE54-9A1E7A4F7556}") = "SportAPI", "WebAPI\SportAPI\SportAPI.csproj", "{00D4C9DE-D9A2-4B1F-8CB5-3E2A302C1042}"
EndProject
Project("{2150E333-8FDC-42A3-9474-1A3956D46DE8}") = "MVC", "MVC", "{D057B94C-1858-4956-9E07-FEFFD8D12969}"
EndProject
Project("{9A19103F-16F7-4668-BE54-9A1E7A4F7556}") = "HelloWorld", "MVC\HelloWorld\HelloWorld.csproj", "{A343020C-2F4B-4DA1-A96D-3D5D9F664ACF}"
EndProject
Project("{9A19103F-16F7-4668-BE54-9A1E7A4F7556}") = "Minimal", "MVC\Minimal\Minimal.csproj", "{9888CB83-358A-4371-9661-02419F1EEAF3}"
EndProject
Project("{2150E333-8FDC-42A3-9474-1A3956D46DE8}") = "RazorPages", "RazorPages", "{50CC6326-5608-4594-BA3C-4B9FEE197552}"
EndProject
Project("{9A19103F-16F7-4668-BE54-9A1E7A4F7556}") = "RazorDriving", "RazorPages\Driving\RazorDriving.csproj", "{DA0D8D98-A070-4435-A2E4-9CDE5F60BF0E}"
EndProject
Project("{9A19103F-16F7-4668-BE54-9A1E7A4F7556}") = "Driving", "MVC\Driving\Driving.csproj", "{37BA48B8-2052-4521-94D4-6F231C392F67}"
EndProject
Project("{9A19103F-16F7-4668-BE54-9A1E7A4F7556}") = "DrivingView", "MVC\DrivingView\DrivingView.csproj", "{AD1CF7FD-A0B6-44BE-8D5F-4013B5293235}"
EndProject
Project("{9A19103F-16F7-4668-BE54-9A1E7A4F7556}") = "RazorSport", "RazorPages\Sport\RazorSport.csproj", "{B6B0B008-F925-4238-A266-102BB62344F1}"
EndProject
Project("{9A19103F-16F7-4668-BE54-9A1E7A4F7556}") = "SportLibrary", "SportLibrary\SportLibrary.csproj", "{1950B81E-3D8C-4FEC-B27A-0C76D0CB460F}"
EndProject
Project("{9A19103F-16F7-4668-BE54-9A1E7A4F7556}") = "SolulingAspNet", "..\..\..\Library\NET\ASP.NET\SolulingAspNet.csproj", "{05BF2A3C-F6D3-4D05-B0F9-9920569B3F4F}"
EndProject
Global
	GlobalSection(SolutionConfigurationPlatforms) = preSolution
		Debug|Any CPU = Debug|Any CPU
		Release|Any CPU = Release|Any CPU
	EndGlobalSection
	GlobalSection(ProjectConfigurationPlatforms) = postSolution
		{DD031EA0-A2B4-40EE-A7F9-C9DD0BA05912}.Debug|Any CPU.ActiveCfg = Debug|Any CPU
		{DD031EA0-A2B4-40EE-A7F9-C9DD0BA05912}.Debug|Any CPU.Build.0 = Debug|Any CPU
		{DD031EA0-A2B4-40EE-A7F9-C9DD0BA05912}.Release|Any CPU.ActiveCfg = Release|Any CPU
		{DD031EA0-A2B4-40EE-A7F9-C9DD0BA05912}.Release|Any CPU.Build.0 = Release|Any CPU
		{00D4C9DE-D9A2-4B1F-8CB5-3E2A302C1042}.Debug|Any CPU.ActiveCfg = Debug|Any CPU
		{00D4C9DE-D9A2-4B1F-8CB5-3E2A302C1042}.Debug|Any CPU.Build.0 = Debug|Any CPU
		{00D4C9DE-D9A2-4B1F-8CB5-3E2A302C1042}.Release|Any CPU.ActiveCfg = Release|Any CPU
		{00D4C9DE-D9A2-4B1F-8CB5-3E2A302C1042}.Release|Any CPU.Build.0 = Release|Any CPU
		{A343020C-2F4B-4DA1-A96D-3D5D9F664ACF}.Debug|Any CPU.ActiveCfg = Debug|Any CPU
		{A343020C-2F4B-4DA1-A96D-3D5D9F664ACF}.Debug|Any CPU.Build.0 = Debug|Any CPU
		{A343020C-2F4B-4DA1-A96D-3D5D9F664ACF}.Release|Any CPU.ActiveCfg = Release|Any CPU
		{A343020C-2F4B-4DA1-A96D-3D5D9F664ACF}.Release|Any CPU.Build.0 = Release|Any CPU
		{9888CB83-358A-4371-9661-02419F1EEAF3}.Debug|Any CPU.ActiveCfg = Debug|Any CPU
		{9888CB83-358A-4371-9661-02419F1EEAF3}.Debug|Any CPU.Build.0 = Debug|Any CPU
		{9888CB83-358A-4371-9661-02419F1EEAF3}.Release|Any CPU.ActiveCfg = Release|Any CPU
		{9888CB83-358A-4371-9661-02419F1EEAF3}.Release|Any CPU.Build.0 = Release|Any CPU
		{DA0D8D98-A070-4435-A2E4-9CDE5F60BF0E}.Debug|Any CPU.ActiveCfg = Debug|Any CPU
		{DA0D8D98-A070-4435-A2E4-9CDE5F60BF0E}.Debug|Any CPU.Build.0 = Debug|Any CPU
		{DA0D8D98-A070-4435-A2E4-9CDE5F60BF0E}.Release|Any CPU.ActiveCfg = Release|Any CPU
		{DA0D8D98-A070-4435-A2E4-9CDE5F60BF0E}.Release|Any CPU.Build.0 = Release|Any CPU
		{37BA48B8-2052-4521-94D4-6F231C392F67}.Debug|Any CPU.ActiveCfg = Debug|Any CPU
		{37BA48B8-2052-4521-94D4-6F231C392F67}.Debug|Any CPU.Build.0 = Debug|Any CPU
		{37BA48B8-2052-4521-94D4-6F231C392F67}.Release|Any CPU.ActiveCfg = Release|Any CPU
		{37BA48B8-2052-4521-94D4-6F231C392F67}.Release|Any CPU.Build.0 = Release|Any CPU
		{AD1CF7FD-A0B6-44BE-8D5F-4013B5293235}.Debug|Any CPU.ActiveCfg = Debug|Any CPU
		{AD1CF7FD-A0B6-44BE-8D5F-4013B5293235}.Debug|Any CPU.Build.0 = Debug|Any CPU
		{AD1CF7FD-A0B6-44BE-8D5F-4013B5293235}.Release|Any CPU.ActiveCfg = Release|Any CPU
		{AD1CF7FD-A0B6-44BE-8D5F-4013B5293235}.Release|Any CPU.Build.0 = Release|Any CPU
		{B6B0B008-F925-4238-A266-102BB62344F1}.Debug|Any CPU.ActiveCfg = Debug|Any CPU
		{B6B0B008-F925-4238-A266-102BB62344F1}.Debug|Any CPU.Build.0 = Debug|Any CPU
		{B6B0B008-F925-4238-A266-102BB62344F1}.Release|Any CPU.ActiveCfg = Release|Any CPU
		{B6B0B008-F925-4238-A266-102BB62344F1}.Release|Any CPU.Build.0 = Release|Any CPU
		{1950B81E-3D8C-4FEC-B27A-0C76D0CB460F}.Debug|Any CPU.ActiveCfg = Debug|Any CPU
		{1950B81E-3D8C-4FEC-B27A-0C76D0CB460F}.Debug|Any CPU.Build.0 = Debug|Any CPU
		{1950B81E-3D8C-4FEC-B27A-0C76D0CB460F}.Release|Any CPU.ActiveCfg = Release|Any CPU
		{1950B81E-3D8C-4FEC-B27A-0C76D0CB460F}.Release|Any CPU.Build.0 = Release|Any CPU
		{05BF2A3C-F6D3-4D05-B0F9-9920569B3F4F}.Debug|Any CPU.ActiveCfg = Debug|Any CPU
		{05BF2A3C-F6D3-4D05-B0F9-9920569B3F4F}.Debug|Any CPU.Build.0 = Debug|Any CPU
		{05BF2A3C-F6D3-4D05-B0F9-9920569B3F4F}.Release|Any CPU.ActiveCfg = Release|Any CPU
		{05BF2A3C-F6D3-4D05-B0F9-9920569B3F4F}.Release|Any CPU.Build.0 = Release|Any CPU
	EndGlobalSection
	GlobalSection(SolutionProperties) = preSolution
		HideSolutionNode = FALSE
	EndGlobalSection
	GlobalSection(NestedProjects) = preSolution
		{DD031EA0-A2B4-40EE-A7F9-C9DD0BA05912} = {CB0845DD-B221-4392-946C-C7A3F7D51865}
		{00D4C9DE-D9A2-4B1F-8CB5-3E2A302C1042} = {CB0845DD-B221-4392-946C-C7A3F7D51865}
		{A343020C-2F4B-4DA1-A96D-3D5D9F664ACF} = {D057B94C-1858-4956-9E07-FEFFD8D12969}
		{9888CB83-358A-4371-9661-02419F1EEAF3} = {D057B94C-1858-4956-9E07-FEFFD8D12969}
		{DA0D8D98-A070-4435-A2E4-9CDE5F60BF0E} = {50CC6326-5608-4594-BA3C-4B9FEE197552}
		{37BA48B8-2052-4521-94D4-6F231C392F67} = {D057B94C-1858-4956-9E07-FEFFD8D12969}
		{AD1CF7FD-A0B6-44BE-8D5F-4013B5293235} = {D057B94C-1858-4956-9E07-FEFFD8D12969}
		{B6B0B008-F925-4238-A266-102BB62344F1} = {50CC6326-5608-4594-BA3C-4B9FEE197552}
	EndGlobalSection
	GlobalSection(ExtensibilityGlobals) = postSolution
		SolutionGuid = {FDF866E3-D238-4035-B848-E1BDBB75997D}
	EndGlobalSection
EndGlobal
