
Microsoft Visual Studio Solution File, Format Version 12.00
# Visual Studio Version 17
VisualStudioVersion = 17.13.35931.197 d17.13
MinimumVisualStudioVersion = 10.0.40219.1
Project("{FAE04EC0-301F-11D3-BF4B-00C04F79EFBC}") = "WinFormsApp", "WinFormsApp.csproj", "{4E939082-11A8-41C1-BCF9-800975A4191F}"
EndProject
Global
	GlobalSection(SolutionConfigurationPlatforms) = preSolution
		Debug|Any CPU = Debug|Any CPU
		Release|Any CPU = Release|Any CPU
	EndGlobalSection
	GlobalSection(ProjectConfigurationPlatforms) = postSolution
		{4E939082-11A8-41C1-BCF9-800975A4191F}.Debug|Any CPU.ActiveCfg = Debug|Any CPU
		{4E939082-11A8-41C1-BCF9-800975A4191F}.Debug|Any CPU.Build.0 = Debug|Any CPU
		{4E939082-11A8-41C1-BCF9-800975A4191F}.Release|Any CPU.ActiveCfg = Release|Any CPU
		{4E939082-11A8-41C1-BCF9-800975A4191F}.Release|Any CPU.Build.0 = Release|Any CPU
	EndGlobalSection
	GlobalSection(SolutionProperties) = preSolution
		HideSolutionNode = FALSE
	EndGlobalSection
	GlobalSection(ExtensibilityGlobals) = postSolution
		SolutionGuid = {A562B238-80A7-49DA-8E4C-E751F1688CC4}
	EndGlobalSection
EndGlobal
