
Microsoft Visual Studio Solution File, Format Version 12.00
# Visual Studio Version 17
VisualStudioVersion = 17.7.34202.233
MinimumVisualStudioVersion = 10.0.40219.1
Project("{FAE04EC0-301F-11D3-BF4B-00C04F79EFBC}") = "FolderApp", "FolderApp.csproj", "{1EC2391C-9385-4A4A-AB59-9D13D44D3350}"
EndProject
Global
	GlobalSection(SolutionConfigurationPlatforms) = preSolution
		Debug|Any CPU = Debug|Any CPU
		Release|Any CPU = Release|Any CPU
	EndGlobalSection
	GlobalSection(ProjectConfigurationPlatforms) = postSolution
		{1EC2391C-9385-4A4A-AB59-9D13D44D3350}.Debug|Any CPU.ActiveCfg = Debug|Any CPU
		{1EC2391C-9385-4A4A-AB59-9D13D44D3350}.Debug|Any CPU.Build.0 = Debug|Any CPU
		{1EC2391C-9385-4A4A-AB59-9D13D44D3350}.Release|Any CPU.ActiveCfg = Release|Any CPU
		{1EC2391C-9385-4A4A-AB59-9D13D44D3350}.Release|Any CPU.Build.0 = Release|Any CPU
	EndGlobalSection
	GlobalSection(SolutionProperties) = preSolution
		HideSolutionNode = FALSE
	EndGlobalSection
	GlobalSection(ExtensibilityGlobals) = postSolution
		SolutionGuid = {7D8B9C14-1CE0-40CE-A5C7-4A036BBCF7C8}
	EndGlobalSection
EndGlobal
