
Microsoft Visual Studio Solution File, Format Version 12.00
# Visual Studio 15
VisualStudioVersion = 15.0.26730.12
MinimumVisualStudioVersion = 10.0.40219.1
Project("{9A19103F-16F7-4668-BE54-9A1E7A4F7556}") = "Library", "Library\Library.csproj", "{37030AE8-DEBC-4B1A-8972-4EABC8F9EBF4}"
EndProject
Project("{9A19103F-16F7-4668-BE54-9A1E7A4F7556}") = "CoreApplication", "CoreApplication\CoreApplication.csproj", "{4326DA46-601E-4D79-91B9-A968E9577AD2}"
EndProject
Project("{FAE04EC0-301F-11D3-BF4B-00C04F79EFBC}") = "FrameworkApplication", "FrameworkApplication\FrameworkApplication.csproj", "{662C1EC1-048D-4B87-92A4-694C868E9327}"
EndProject
Global
	GlobalSection(SolutionConfigurationPlatforms) = preSolution
		Debug|Any CPU = Debug|Any CPU
		Release|Any CPU = Release|Any CPU
	EndGlobalSection
	GlobalSection(ProjectConfigurationPlatforms) = postSolution
		{37030AE8-DEBC-4B1A-8972-4EABC8F9EBF4}.Debug|Any CPU.ActiveCfg = Debug|Any CPU
		{37030AE8-DEBC-4B1A-8972-4EABC8F9EBF4}.Debug|Any CPU.Build.0 = Debug|Any CPU
		{37030AE8-DEBC-4B1A-8972-4EABC8F9EBF4}.Release|Any CPU.ActiveCfg = Release|Any CPU
		{37030AE8-DEBC-4B1A-8972-4EABC8F9EBF4}.Release|Any CPU.Build.0 = Release|Any CPU
		{4326DA46-601E-4D79-91B9-A968E9577AD2}.Debug|Any CPU.ActiveCfg = Debug|Any CPU
		{4326DA46-601E-4D79-91B9-A968E9577AD2}.Debug|Any CPU.Build.0 = Debug|Any CPU
		{4326DA46-601E-4D79-91B9-A968E9577AD2}.Release|Any CPU.ActiveCfg = Release|Any CPU
		{4326DA46-601E-4D79-91B9-A968E9577AD2}.Release|Any CPU.Build.0 = Release|Any CPU
		{662C1EC1-048D-4B87-92A4-694C868E9327}.Debug|Any CPU.ActiveCfg = Debug|Any CPU
		{662C1EC1-048D-4B87-92A4-694C868E9327}.Debug|Any CPU.Build.0 = Debug|Any CPU
		{662C1EC1-048D-4B87-92A4-694C868E9327}.Release|Any CPU.ActiveCfg = Release|Any CPU
		{662C1EC1-048D-4B87-92A4-694C868E9327}.Release|Any CPU.Build.0 = Release|Any CPU
	EndGlobalSection
	GlobalSection(SolutionProperties) = preSolution
		HideSolutionNode = FALSE
	EndGlobalSection
	GlobalSection(ExtensibilityGlobals) = postSolution
		SolutionGuid = {8378D662-7242-4BC6-A742-CDC5B31D3070}
	EndGlobalSection
EndGlobal
