
Microsoft Visual Studio Solution File, Format Version 12.00
# Visual Studio 14
VisualStudioVersion = 14.0.23107.0
MinimumVisualStudioVersion = 10.0.40219.1
Project("{FAE04EC0-301F-11D3-BF4B-00C04F79EFBC}") = "Simple", "Simple.csproj", "{8E48909D-4D23-4753-9B06-87C71A17454D}"
EndProject
Project("{FAE04EC0-301F-11D3-BF4B-00C04F79EFBC}") = "BaseChecker", "..\..\..\..\Library\NET\Checker\Base\BaseChecker.csproj", "{D7400AE6-B235-4BF3-913D-6A2193D5AD9A}"
EndProject
Project("{FAE04EC0-301F-11D3-BF4B-00C04F79EFBC}") = "WPF", "..\..\..\..\Library\NET\Checker\WPF\WPF.csproj", "{066DE565-D233-4537-86E7-6294117336EF}"
EndProject
Project("{FAE04EC0-301F-11D3-BF4B-00C04F79EFBC}") = "Core", "..\..\..\..\Library\NET\Core\Core.csproj", "{5E9D3A55-AC2A-4E50-91FA-473D871D024F}"
EndProject
Project("{FAE04EC0-301F-11D3-BF4B-00C04F79EFBC}") = "Forms", "..\..\..\..\Library\NET\Checker\Forms\Forms.csproj", "{5EBE39BB-BD70-48A6-9C5F-4DA070E1F832}"
EndProject
Project("{FAE04EC0-301F-11D3-BF4B-00C04F79EFBC}") = "OutOfBounds", "..\OutOfBounds\OutOfBounds.csproj", "{1855C668-3A85-49C9-8CA5-96BDEE68C7DA}"
EndProject
Global
	GlobalSection(SolutionConfigurationPlatforms) = preSolution
		Debug|Any CPU = Debug|Any CPU
		Release|Any CPU = Release|Any CPU
	EndGlobalSection
	GlobalSection(ProjectConfigurationPlatforms) = postSolution
		{8E48909D-4D23-4753-9B06-87C71A17454D}.Debug|Any CPU.ActiveCfg = Debug|Any CPU
		{8E48909D-4D23-4753-9B06-87C71A17454D}.Debug|Any CPU.Build.0 = Debug|Any CPU
		{8E48909D-4D23-4753-9B06-87C71A17454D}.Release|Any CPU.ActiveCfg = Release|Any CPU
		{8E48909D-4D23-4753-9B06-87C71A17454D}.Release|Any CPU.Build.0 = Release|Any CPU
		{D7400AE6-B235-4BF3-913D-6A2193D5AD9A}.Debug|Any CPU.ActiveCfg = Debug|Any CPU
		{D7400AE6-B235-4BF3-913D-6A2193D5AD9A}.Debug|Any CPU.Build.0 = Debug|Any CPU
		{D7400AE6-B235-4BF3-913D-6A2193D5AD9A}.Release|Any CPU.ActiveCfg = Release|Any CPU
		{D7400AE6-B235-4BF3-913D-6A2193D5AD9A}.Release|Any CPU.Build.0 = Release|Any CPU
		{066DE565-D233-4537-86E7-6294117336EF}.Debug|Any CPU.ActiveCfg = Debug|Any CPU
		{066DE565-D233-4537-86E7-6294117336EF}.Debug|Any CPU.Build.0 = Debug|Any CPU
		{066DE565-D233-4537-86E7-6294117336EF}.Release|Any CPU.ActiveCfg = Release|Any CPU
		{066DE565-D233-4537-86E7-6294117336EF}.Release|Any CPU.Build.0 = Release|Any CPU
		{5E9D3A55-AC2A-4E50-91FA-473D871D024F}.Debug|Any CPU.ActiveCfg = Debug|Any CPU
		{5E9D3A55-AC2A-4E50-91FA-473D871D024F}.Debug|Any CPU.Build.0 = Debug|Any CPU
		{5E9D3A55-AC2A-4E50-91FA-473D871D024F}.Release|Any CPU.ActiveCfg = Release|Any CPU
		{5E9D3A55-AC2A-4E50-91FA-473D871D024F}.Release|Any CPU.Build.0 = Release|Any CPU
		{5EBE39BB-BD70-48A6-9C5F-4DA070E1F832}.Debug|Any CPU.ActiveCfg = Debug|Any CPU
		{5EBE39BB-BD70-48A6-9C5F-4DA070E1F832}.Debug|Any CPU.Build.0 = Debug|Any CPU
		{5EBE39BB-BD70-48A6-9C5F-4DA070E1F832}.Release|Any CPU.ActiveCfg = Release|Any CPU
		{5EBE39BB-BD70-48A6-9C5F-4DA070E1F832}.Release|Any CPU.Build.0 = Release|Any CPU
		{1855C668-3A85-49C9-8CA5-96BDEE68C7DA}.Debug|Any CPU.ActiveCfg = Debug|Any CPU
		{1855C668-3A85-49C9-8CA5-96BDEE68C7DA}.Debug|Any CPU.Build.0 = Debug|Any CPU
		{1855C668-3A85-49C9-8CA5-96BDEE68C7DA}.Release|Any CPU.ActiveCfg = Release|Any CPU
		{1855C668-3A85-49C9-8CA5-96BDEE68C7DA}.Release|Any CPU.Build.0 = Release|Any CPU
	EndGlobalSection
	GlobalSection(SolutionProperties) = preSolution
		HideSolutionNode = FALSE
	EndGlobalSection
EndGlobal
