Microsoft Visual Studio Solution File, Format Version 12.00
# Visual Studio 14
VisualStudioVersion = 14.0.23107.0
MinimumVisualStudioVersion = 10.0.40219.1
Project("{E24C65DC-7377-472B-9ABA-BC803B73C61A}") = "Driving(1)", "http://localhost:3366", "{F2DCAB5A-CA45-46B7-84F5-A3F46AE0B137}"
	ProjectSection(WebsiteProperties) = preProject
		UseIISExpress = "true"
		TargetFrameworkMoniker = ".NETFramework,Version%3Dv4.5"
		Debug.AspNetCompiler.VirtualPath = "/localhost_3366"
		Debug.AspNetCompiler.PhysicalPath = "Driving\Localized\"
		Debug.AspNetCompiler.TargetPath = "PrecompiledWeb\localhost_3366\"
		Debug.AspNetCompiler.Updateable = "true"
		Debug.AspNetCompiler.ForceOverwrite = "true"
		Debug.AspNetCompiler.FixedNames = "false"
		Debug.AspNetCompiler.Debug = "True"
		Release.AspNetCompiler.VirtualPath = "/localhost_3366"
		Release.AspNetCompiler.PhysicalPath = "Driving\Localized\"
		Release.AspNetCompiler.TargetPath = "PrecompiledWeb\localhost_3366\"
		Release.AspNetCompiler.Updateable = "true"
		Release.AspNetCompiler.ForceOverwrite = "true"
		Release.AspNetCompiler.FixedNames = "false"
		Release.AspNetCompiler.Debug = "False"
		SlnRelativePath = "Driving\Localized\"
	EndProjectSection
EndProject
Project("{2150E333-8FDC-42A3-9474-1A3956D46DE8}") = "Driving", "Driving", "{1C215196-B422-420D-A46E-26AE0C758BEF}"
EndProject
Project("{E24C65DC-7377-472B-9ABA-BC803B73C61A}") = "Original(1)", "http://localhost:29971", "{CEBCF844-8CD7-41AC-905B-8A03264D6FD2}"
	ProjectSection(WebsiteProperties) = preProject
		UseIISExpress = "true"
		TargetFrameworkMoniker = ".NETFramework,Version%3Dv4.5.2"
		Debug.AspNetCompiler.VirtualPath = "/localhost_29971"
		Debug.AspNetCompiler.PhysicalPath = "Driving\Original\"
		Debug.AspNetCompiler.TargetPath = "PrecompiledWeb\localhost_29971\"
		Debug.AspNetCompiler.Updateable = "true"
		Debug.AspNetCompiler.ForceOverwrite = "true"
		Debug.AspNetCompiler.FixedNames = "false"
		Debug.AspNetCompiler.Debug = "True"
		Release.AspNetCompiler.VirtualPath = "/localhost_29971"
		Release.AspNetCompiler.PhysicalPath = "Driving\Original\"
		Release.AspNetCompiler.TargetPath = "PrecompiledWeb\localhost_29971\"
		Release.AspNetCompiler.Updateable = "true"
		Release.AspNetCompiler.ForceOverwrite = "true"
		Release.AspNetCompiler.FixedNames = "false"
		Release.AspNetCompiler.Debug = "False"
		SlnRelativePath = "Driving\Original\"
		DefaultWebSiteLanguage = "Visual C#"
	EndProjectSection
EndProject
Project("{E24C65DC-7377-472B-9ABA-BC803B73C61A}") = "Plural(2)", "http://localhost:31514", "{4674184A-99E1-4757-9571-3F26CF786A3A}"
	ProjectSection(WebsiteProperties) = preProject
		UseIISExpress = "true"
		TargetFrameworkMoniker = ".NETFramework,Version%3Dv4.5.2"
		Debug.AspNetCompiler.VirtualPath = "/localhost_31514"
		Debug.AspNetCompiler.PhysicalPath = "Plural\"
		Debug.AspNetCompiler.TargetPath = "PrecompiledWeb\localhost_31514\"
		Debug.AspNetCompiler.Updateable = "true"
		Debug.AspNetCompiler.ForceOverwrite = "true"
		Debug.AspNetCompiler.FixedNames = "false"
		Debug.AspNetCompiler.Debug = "True"
		Release.AspNetCompiler.VirtualPath = "/localhost_31514"
		Release.AspNetCompiler.PhysicalPath = "Plural\"
		Release.AspNetCompiler.TargetPath = "PrecompiledWeb\localhost_31514\"
		Release.AspNetCompiler.Updateable = "true"
		Release.AspNetCompiler.ForceOverwrite = "true"
		Release.AspNetCompiler.FixedNames = "false"
		Release.AspNetCompiler.Debug = "False"
		SlnRelativePath = "Plural\"
		DefaultWebSiteLanguage = "Visual C#"
	EndProjectSection
EndProject
Global
	GlobalSection(SolutionConfigurationPlatforms) = preSolution
		Debug|Any CPU = Debug|Any CPU
		Release|Any CPU = Release|Any CPU
	EndGlobalSection
	GlobalSection(ProjectConfigurationPlatforms) = postSolution
		{F2DCAB5A-CA45-46B7-84F5-A3F46AE0B137}.Debug|Any CPU.ActiveCfg = Debug|Any CPU
		{F2DCAB5A-CA45-46B7-84F5-A3F46AE0B137}.Debug|Any CPU.Build.0 = Debug|Any CPU
		{F2DCAB5A-CA45-46B7-84F5-A3F46AE0B137}.Release|Any CPU.ActiveCfg = Debug|Any CPU
		{F2DCAB5A-CA45-46B7-84F5-A3F46AE0B137}.Release|Any CPU.Build.0 = Debug|Any CPU
		{CEBCF844-8CD7-41AC-905B-8A03264D6FD2}.Debug|Any CPU.ActiveCfg = Debug|Any CPU
		{CEBCF844-8CD7-41AC-905B-8A03264D6FD2}.Debug|Any CPU.Build.0 = Debug|Any CPU
		{CEBCF844-8CD7-41AC-905B-8A03264D6FD2}.Release|Any CPU.ActiveCfg = Debug|Any CPU
		{CEBCF844-8CD7-41AC-905B-8A03264D6FD2}.Release|Any CPU.Build.0 = Debug|Any CPU
		{4674184A-99E1-4757-9571-3F26CF786A3A}.Debug|Any CPU.ActiveCfg = Debug|Any CPU
		{4674184A-99E1-4757-9571-3F26CF786A3A}.Debug|Any CPU.Build.0 = Debug|Any CPU
		{4674184A-99E1-4757-9571-3F26CF786A3A}.Release|Any CPU.ActiveCfg = Debug|Any CPU
		{4674184A-99E1-4757-9571-3F26CF786A3A}.Release|Any CPU.Build.0 = Debug|Any CPU
	EndGlobalSection
	GlobalSection(SolutionProperties) = preSolution
		HideSolutionNode = FALSE
	EndGlobalSection
	GlobalSection(NestedProjects) = preSolution
		{F2DCAB5A-CA45-46B7-84F5-A3F46AE0B137} = {1C215196-B422-420D-A46E-26AE0C758BEF}
		{CEBCF844-8CD7-41AC-905B-8A03264D6FD2} = {1C215196-B422-420D-A46E-26AE0C758BEF}
	EndGlobalSection
EndGlobal
