Microsoft Visual Studio Solution File, Format Version 12.00
# Visual Studio 14
VisualStudioVersion = 14.0.23107.0
MinimumVisualStudioVersion = 10.0.40219.1
Project("{FAE04EC0-301F-11D3-BF4B-00C04F79EFBC}") = "Plural", "Plural\Plural.csproj", "{24712988-AFCF-428F-94A4-5BB533214838}"
EndProject
Project("{FAE04EC0-301F-11D3-BF4B-00C04F79EFBC}") = "LocalizedViews", "LocalizedViews\LocalizedViews.csproj", "{6BCFB971-5CFD-464F-9D8F-20B4CE57D2C6}"
EndProject
Project("{2150E333-8FDC-42A3-9474-1A3956D46DE8}") = "Driving", "Driving", "{CE29A786-BA6E-41A1-90A7-33A1A3600786}"
EndProject
Project("{FAE04EC0-301F-11D3-BF4B-00C04F79EFBC}") = "Original", "Driving\Original\Original.csproj", "{7F2BA138-8195-46F8-90E0-EE18B6A2C9FF}"
EndProject
Project("{FAE04EC0-301F-11D3-BF4B-00C04F79EFBC}") = "FullForm", "FullForm\FullForm.csproj", "{8119168A-85DB-4A4E-9B4F-E8F5EA231A9F}"
EndProject
Project("{FAE04EC0-301F-11D3-BF4B-00C04F79EFBC}") = "Sports", "Sports\Sports.csproj", "{7114BB0C-8735-44EC-BAE8-85ECB101C585}"
EndProject
Project("{FAE04EC0-301F-11D3-BF4B-00C04F79EFBC}") = "ConsoleApplication1", "ConsoleApplication1\ConsoleApplication1.csproj", "{832507E5-37A8-4094-8694-0901C7B413D1}"
EndProject
Project("{FAE04EC0-301F-11D3-BF4B-00C04F79EFBC}") = "ContosoUniversity", "ContosoUniversity\ContosoUniversity.csproj", "{1B870739-877C-4234-8671-1F4E151DAFAA}"
EndProject
Global
	GlobalSection(SolutionConfigurationPlatforms) = preSolution
		Debug|Any CPU = Debug|Any CPU
		Release|Any CPU = Release|Any CPU
	EndGlobalSection
	GlobalSection(ProjectConfigurationPlatforms) = postSolution
		{24712988-AFCF-428F-94A4-5BB533214838}.Debug|Any CPU.ActiveCfg = Debug|Any CPU
		{24712988-AFCF-428F-94A4-5BB533214838}.Debug|Any CPU.Build.0 = Debug|Any CPU
		{24712988-AFCF-428F-94A4-5BB533214838}.Release|Any CPU.ActiveCfg = Release|Any CPU
		{24712988-AFCF-428F-94A4-5BB533214838}.Release|Any CPU.Build.0 = Release|Any CPU
		{6BCFB971-5CFD-464F-9D8F-20B4CE57D2C6}.Debug|Any CPU.ActiveCfg = Debug|Any CPU
		{6BCFB971-5CFD-464F-9D8F-20B4CE57D2C6}.Debug|Any CPU.Build.0 = Debug|Any CPU
		{6BCFB971-5CFD-464F-9D8F-20B4CE57D2C6}.Release|Any CPU.ActiveCfg = Release|Any CPU
		{6BCFB971-5CFD-464F-9D8F-20B4CE57D2C6}.Release|Any CPU.Build.0 = Release|Any CPU
		{7F2BA138-8195-46F8-90E0-EE18B6A2C9FF}.Debug|Any CPU.ActiveCfg = Debug|Any CPU
		{7F2BA138-8195-46F8-90E0-EE18B6A2C9FF}.Debug|Any CPU.Build.0 = Debug|Any CPU
		{7F2BA138-8195-46F8-90E0-EE18B6A2C9FF}.Release|Any CPU.ActiveCfg = Release|Any CPU
		{7F2BA138-8195-46F8-90E0-EE18B6A2C9FF}.Release|Any CPU.Build.0 = Release|Any CPU
		{8119168A-85DB-4A4E-9B4F-E8F5EA231A9F}.Debug|Any CPU.ActiveCfg = Debug|Any CPU
		{8119168A-85DB-4A4E-9B4F-E8F5EA231A9F}.Debug|Any CPU.Build.0 = Debug|Any CPU
		{8119168A-85DB-4A4E-9B4F-E8F5EA231A9F}.Release|Any CPU.ActiveCfg = Release|Any CPU
		{8119168A-85DB-4A4E-9B4F-E8F5EA231A9F}.Release|Any CPU.Build.0 = Release|Any CPU
		{7114BB0C-8735-44EC-BAE8-85ECB101C585}.Debug|Any CPU.ActiveCfg = Debug|Any CPU
		{7114BB0C-8735-44EC-BAE8-85ECB101C585}.Debug|Any CPU.Build.0 = Debug|Any CPU
		{7114BB0C-8735-44EC-BAE8-85ECB101C585}.Release|Any CPU.ActiveCfg = Release|Any CPU
		{7114BB0C-8735-44EC-BAE8-85ECB101C585}.Release|Any CPU.Build.0 = Release|Any CPU
		{832507E5-37A8-4094-8694-0901C7B413D1}.Debug|Any CPU.ActiveCfg = Debug|Any CPU
		{832507E5-37A8-4094-8694-0901C7B413D1}.Debug|Any CPU.Build.0 = Debug|Any CPU
		{832507E5-37A8-4094-8694-0901C7B413D1}.Release|Any CPU.ActiveCfg = Release|Any CPU
		{832507E5-37A8-4094-8694-0901C7B413D1}.Release|Any CPU.Build.0 = Release|Any CPU
		{1B870739-877C-4234-8671-1F4E151DAFAA}.Debug|Any CPU.ActiveCfg = Debug|Any CPU
		{1B870739-877C-4234-8671-1F4E151DAFAA}.Debug|Any CPU.Build.0 = Debug|Any CPU
		{1B870739-877C-4234-8671-1F4E151DAFAA}.Release|Any CPU.ActiveCfg = Release|Any CPU
		{1B870739-877C-4234-8671-1F4E151DAFAA}.Release|Any CPU.Build.0 = Release|Any CPU
	EndGlobalSection
	GlobalSection(SolutionProperties) = preSolution
		HideSolutionNode = FALSE
	EndGlobalSection
	GlobalSection(NestedProjects) = preSolution
		{7F2BA138-8195-46F8-90E0-EE18B6A2C9FF} = {CE29A786-BA6E-41A1-90A7-33A1A3600786}
	EndGlobalSection
EndGlobal
