
Microsoft Visual Studio Solution File, Format Version 12.00
# Visual Studio Version 16
VisualStudioVersion = 16.0.29209.62
MinimumVisualStudioVersion = 10.0.40219.1
Project("{FAE04EC0-301F-11D3-BF4B-00C04F79EFBC}") = "WpfApp1", "WpfApp1\WpfApp1.csproj", "{712E6EBF-817E-481A-923C-D50545EA140B}"
EndProject
Project("{FAE04EC0-301F-11D3-BF4B-00C04F79EFBC}") = "WpfApp2", "WpfApp2\WpfApp2.csproj", "{85BC45FB-428D-4532-BBC8-58D7200344C3}"
EndProject
Global
	GlobalSection(SolutionConfigurationPlatforms) = preSolution
		Debug|Any CPU = Debug|Any CPU
		Release|Any CPU = Release|Any CPU
	EndGlobalSection
	GlobalSection(ProjectConfigurationPlatforms) = postSolution
		{712E6EBF-817E-481A-923C-D50545EA140B}.Debug|Any CPU.ActiveCfg = Debug|Any CPU
		{712E6EBF-817E-481A-923C-D50545EA140B}.Debug|Any CPU.Build.0 = Debug|Any CPU
		{712E6EBF-817E-481A-923C-D50545EA140B}.Release|Any CPU.ActiveCfg = Release|Any CPU
		{712E6EBF-817E-481A-923C-D50545EA140B}.Release|Any CPU.Build.0 = Release|Any CPU
		{85BC45FB-428D-4532-BBC8-58D7200344C3}.Debug|Any CPU.ActiveCfg = Debug|Any CPU
		{85BC45FB-428D-4532-BBC8-58D7200344C3}.Debug|Any CPU.Build.0 = Debug|Any CPU
		{85BC45FB-428D-4532-BBC8-58D7200344C3}.Release|Any CPU.ActiveCfg = Release|Any CPU
		{85BC45FB-428D-4532-BBC8-58D7200344C3}.Release|Any CPU.Build.0 = Release|Any CPU
	EndGlobalSection
	GlobalSection(SolutionProperties) = preSolution
		HideSolutionNode = FALSE
	EndGlobalSection
	GlobalSection(ExtensibilityGlobals) = postSolution
		SolutionGuid = {83D8F25A-4C10-462A-A0B6-FBEF7D3184F6}
	EndGlobalSection
EndGlobal
