
Microsoft Visual Studio Solution File, Format Version 12.00
# Visual Studio Version 16
VisualStudioVersion = 16.0.29509.3
MinimumVisualStudioVersion = 10.0.40219.1
Project("{9A19103F-16F7-4668-BE54-9A1E7A4F7556}") = "SimpleServer", "Server\SimpleServer\SimpleServer.csproj", "{5577E0B6-4550-4F36-B098-DE03B9748A73}"
EndProject
Project("{9A19103F-16F7-4668-BE54-9A1E7A4F7556}") = "SportServer", "Server\SportServer\SportServer.csproj", "{F717E0C2-335C-42DB-8163-F1B4BA77074F}"
EndProject
Project("{9A19103F-16F7-4668-BE54-9A1E7A4F7556}") = "SportLibrary", "..\ASP.NET\Core\SportLibrary\SportLibrary.csproj", "{29839F9F-C3BC-4B96-90E2-881B5E1144FB}"
EndProject
Project("{9A19103F-16F7-4668-BE54-9A1E7A4F7556}") = "SportWasm", "Wasm\SportWasm\SportWasm.csproj", "{D1E34B64-80DA-4D91-AE69-E0D636E802E2}"
EndProject
Project("{9A19103F-16F7-4668-BE54-9A1E7A4F7556}") = "MultiServer", "Server\Multi\MultiServer\MultiServer.csproj", "{858116DC-65D7-438F-BF38-E81A71E2BBB0}"
EndProject
Project("{2150E333-8FDC-42A3-9474-1A3956D46DE8}") = "Multi", "Multi", "{8AE4D248-8395-4D1E-9C67-756EB8C4A259}"
EndProject
Project("{2150E333-8FDC-42A3-9474-1A3956D46DE8}") = "Server", "Server", "{C1145E7A-97B5-42A3-BE38-C05BB6ADE5E9}"
EndProject
Project("{2150E333-8FDC-42A3-9474-1A3956D46DE8}") = "Wasm", "Wasm", "{8D1F6A71-4753-4631-A2E9-DE11201F3E3C}"
EndProject
Project("{2150E333-8FDC-42A3-9474-1A3956D46DE8}") = "Shared", "Shared", "{137CBA5B-CCDA-487E-ACF2-008EF633C174}"
EndProject
Project("{9A19103F-16F7-4668-BE54-9A1E7A4F7556}") = "MultiServerLibrary", "Server\Multi\MultiServerLibrary\MultiServerLibrary.csproj", "{8BF8D64E-B0E6-4176-B1B5-7A251ED90A82}"
EndProject
Project("{9A19103F-16F7-4668-BE54-9A1E7A4F7556}") = "SharedServer", "Server\Shared\SharedServer\SharedServer.csproj", "{4BEEDAD0-516E-44D8-AEEB-393D68E0FBBE}"
EndProject
Project("{9A19103F-16F7-4668-BE54-9A1E7A4F7556}") = "SharedServerLibrary", "Server\Shared\SharedServerLibrary\SharedServerLibrary.csproj", "{38A2D9C7-5CD1-41C2-8D29-C4692ED61875}"
EndProject
Global
	GlobalSection(SolutionConfigurationPlatforms) = preSolution
		Debug|Any CPU = Debug|Any CPU
		Release|Any CPU = Release|Any CPU
	EndGlobalSection
	GlobalSection(ProjectConfigurationPlatforms) = postSolution
		{5577E0B6-4550-4F36-B098-DE03B9748A73}.Debug|Any CPU.ActiveCfg = Debug|Any CPU
		{5577E0B6-4550-4F36-B098-DE03B9748A73}.Debug|Any CPU.Build.0 = Debug|Any CPU
		{5577E0B6-4550-4F36-B098-DE03B9748A73}.Release|Any CPU.ActiveCfg = Release|Any CPU
		{5577E0B6-4550-4F36-B098-DE03B9748A73}.Release|Any CPU.Build.0 = Release|Any CPU
		{F717E0C2-335C-42DB-8163-F1B4BA77074F}.Debug|Any CPU.ActiveCfg = Debug|Any CPU
		{F717E0C2-335C-42DB-8163-F1B4BA77074F}.Debug|Any CPU.Build.0 = Debug|Any CPU
		{F717E0C2-335C-42DB-8163-F1B4BA77074F}.Release|Any CPU.ActiveCfg = Release|Any CPU
		{F717E0C2-335C-42DB-8163-F1B4BA77074F}.Release|Any CPU.Build.0 = Release|Any CPU
		{29839F9F-C3BC-4B96-90E2-881B5E1144FB}.Debug|Any CPU.ActiveCfg = Debug|Any CPU
		{29839F9F-C3BC-4B96-90E2-881B5E1144FB}.Debug|Any CPU.Build.0 = Debug|Any CPU
		{29839F9F-C3BC-4B96-90E2-881B5E1144FB}.Release|Any CPU.ActiveCfg = Release|Any CPU
		{29839F9F-C3BC-4B96-90E2-881B5E1144FB}.Release|Any CPU.Build.0 = Release|Any CPU
		{D1E34B64-80DA-4D91-AE69-E0D636E802E2}.Debug|Any CPU.ActiveCfg = Debug|Any CPU
		{D1E34B64-80DA-4D91-AE69-E0D636E802E2}.Debug|Any CPU.Build.0 = Debug|Any CPU
		{D1E34B64-80DA-4D91-AE69-E0D636E802E2}.Release|Any CPU.ActiveCfg = Release|Any CPU
		{D1E34B64-80DA-4D91-AE69-E0D636E802E2}.Release|Any CPU.Build.0 = Release|Any CPU
		{858116DC-65D7-438F-BF38-E81A71E2BBB0}.Debug|Any CPU.ActiveCfg = Debug|Any CPU
		{858116DC-65D7-438F-BF38-E81A71E2BBB0}.Debug|Any CPU.Build.0 = Debug|Any CPU
		{858116DC-65D7-438F-BF38-E81A71E2BBB0}.Release|Any CPU.ActiveCfg = Release|Any CPU
		{858116DC-65D7-438F-BF38-E81A71E2BBB0}.Release|Any CPU.Build.0 = Release|Any CPU
		{8BF8D64E-B0E6-4176-B1B5-7A251ED90A82}.Debug|Any CPU.ActiveCfg = Debug|Any CPU
		{8BF8D64E-B0E6-4176-B1B5-7A251ED90A82}.Debug|Any CPU.Build.0 = Debug|Any CPU
		{8BF8D64E-B0E6-4176-B1B5-7A251ED90A82}.Release|Any CPU.ActiveCfg = Release|Any CPU
		{8BF8D64E-B0E6-4176-B1B5-7A251ED90A82}.Release|Any CPU.Build.0 = Release|Any CPU
		{4BEEDAD0-516E-44D8-AEEB-393D68E0FBBE}.Debug|Any CPU.ActiveCfg = Debug|Any CPU
		{4BEEDAD0-516E-44D8-AEEB-393D68E0FBBE}.Debug|Any CPU.Build.0 = Debug|Any CPU
		{4BEEDAD0-516E-44D8-AEEB-393D68E0FBBE}.Release|Any CPU.ActiveCfg = Release|Any CPU
		{4BEEDAD0-516E-44D8-AEEB-393D68E0FBBE}.Release|Any CPU.Build.0 = Release|Any CPU
		{38A2D9C7-5CD1-41C2-8D29-C4692ED61875}.Debug|Any CPU.ActiveCfg = Debug|Any CPU
		{38A2D9C7-5CD1-41C2-8D29-C4692ED61875}.Debug|Any CPU.Build.0 = Debug|Any CPU
		{38A2D9C7-5CD1-41C2-8D29-C4692ED61875}.Release|Any CPU.ActiveCfg = Release|Any CPU
		{38A2D9C7-5CD1-41C2-8D29-C4692ED61875}.Release|Any CPU.Build.0 = Release|Any CPU
	EndGlobalSection
	GlobalSection(SolutionProperties) = preSolution
		HideSolutionNode = FALSE
	EndGlobalSection
	GlobalSection(NestedProjects) = preSolution
		{5577E0B6-4550-4F36-B098-DE03B9748A73} = {C1145E7A-97B5-42A3-BE38-C05BB6ADE5E9}
		{F717E0C2-335C-42DB-8163-F1B4BA77074F} = {C1145E7A-97B5-42A3-BE38-C05BB6ADE5E9}
		{D1E34B64-80DA-4D91-AE69-E0D636E802E2} = {8D1F6A71-4753-4631-A2E9-DE11201F3E3C}
		{858116DC-65D7-438F-BF38-E81A71E2BBB0} = {8AE4D248-8395-4D1E-9C67-756EB8C4A259}
		{8AE4D248-8395-4D1E-9C67-756EB8C4A259} = {C1145E7A-97B5-42A3-BE38-C05BB6ADE5E9}
		{137CBA5B-CCDA-487E-ACF2-008EF633C174} = {C1145E7A-97B5-42A3-BE38-C05BB6ADE5E9}
		{8BF8D64E-B0E6-4176-B1B5-7A251ED90A82} = {8AE4D248-8395-4D1E-9C67-756EB8C4A259}
		{4BEEDAD0-516E-44D8-AEEB-393D68E0FBBE} = {137CBA5B-CCDA-487E-ACF2-008EF633C174}
		{38A2D9C7-5CD1-41C2-8D29-C4692ED61875} = {137CBA5B-CCDA-487E-ACF2-008EF633C174}
	EndGlobalSection
	GlobalSection(ExtensibilityGlobals) = postSolution
		SolutionGuid = {2F8F44B2-DE30-443D-9E22-B0C5BEF3AD67}
	EndGlobalSection
EndGlobal
