
Microsoft Visual Studio Solution File, Format Version 12.00
# Visual Studio Version 16
VisualStudioVersion = 16.0.29509.3
MinimumVisualStudioVersion = 10.0.40219.1
Project("{FAE04EC0-301F-11D3-BF4B-00C04F79EFBC}") = "BlazorSport", "Sport\BlazorSport.csproj", "{F717E0C2-335C-42DB-8163-F1B4BA77074F}"
EndProject
Project("{9A19103F-16F7-4668-BE54-9A1E7A4F7556}") = "SportLibrary", "..\ASP.NET\Core\SportLibrary\SportLibrary.csproj", "{29839F9F-C3BC-4B96-90E2-881B5E1144FB}"
EndProject
Global
	GlobalSection(SolutionConfigurationPlatforms) = preSolution
		Debug|Any CPU = Debug|Any CPU
		Release|Any CPU = Release|Any CPU
	EndGlobalSection
	GlobalSection(ProjectConfigurationPlatforms) = postSolution
		{F717E0C2-335C-42DB-8163-F1B4BA77074F}.Debug|Any CPU.ActiveCfg = Debug|Any CPU
		{F717E0C2-335C-42DB-8163-F1B4BA77074F}.Debug|Any CPU.Build.0 = Debug|Any CPU
		{F717E0C2-335C-42DB-8163-F1B4BA77074F}.Release|Any CPU.ActiveCfg = Release|Any CPU
		{F717E0C2-335C-42DB-8163-F1B4BA77074F}.Release|Any CPU.Build.0 = Release|Any CPU
		{29839F9F-C3BC-4B96-90E2-881B5E1144FB}.Debug|Any CPU.ActiveCfg = Debug|Any CPU
		{29839F9F-C3BC-4B96-90E2-881B5E1144FB}.Debug|Any CPU.Build.0 = Debug|Any CPU
		{29839F9F-C3BC-4B96-90E2-881B5E1144FB}.Release|Any CPU.ActiveCfg = Release|Any CPU
		{29839F9F-C3BC-4B96-90E2-881B5E1144FB}.Release|Any CPU.Build.0 = Release|Any CPU
	EndGlobalSection
	GlobalSection(SolutionProperties) = preSolution
		HideSolutionNode = FALSE
	EndGlobalSection
	GlobalSection(ExtensibilityGlobals) = postSolution
		SolutionGuid = {2F8F44B2-DE30-443D-9E22-B0C5BEF3AD67}
	EndGlobalSection
EndGlobal
