
Microsoft Visual Studio Solution File, Format Version 12.00
# Visual Studio Version 17
VisualStudioVersion = 17.2.32630.192
MinimumVisualStudioVersion = 10.0.40219.1
Project("{FAE04EC0-301F-11D3-BF4B-00C04F79EFBC}") = "Sport", "Sport\Sport.csproj", "{A3C7CDF4-8AF4-4625-8D0F-2BEEBA6DFA6E}"
EndProject
Project("{FAE04EC0-301F-11D3-BF4B-00C04F79EFBC}") = "Database", "Database\Database.csproj", "{CB11D1EB-6FA8-4B13-BC76-B2959306334A}"
EndProject
Project("{FAE04EC0-301F-11D3-BF4B-00C04F79EFBC}") = "Test", "Test\Test.csproj", "{B4C35C5E-2A55-4B25-B493-C4AFADDEAE71}"
EndProject
Project("{FAE04EC0-301F-11D3-BF4B-00C04F79EFBC}") = "Font", "Font\Font.csproj", "{ECA50993-553E-4018-B872-588DBA785311}"
EndProject
Project("{FAE04EC0-301F-11D3-BF4B-00C04F79EFBC}") = "Original", "HelloWorld\Original\Original.csproj", "{C91F838F-46AD-4E22-8A35-ED6F44AB1F78}"
EndProject
Project("{2150E333-8FDC-42A3-9474-1A3956D46DE8}") = "HelloWorld", "HelloWorld", "{943D8C5B-268E-41EF-AC70-478DCB31B550}"
EndProject
Project("{FAE04EC0-301F-11D3-BF4B-00C04F79EFBC}") = "EasyWay", "HelloWorld\EasyWay\EasyWay.csproj", "{77DD1548-227A-46A6-9AEB-2515FED6194B}"
EndProject
Project("{FAE04EC0-301F-11D3-BF4B-00C04F79EFBC}") = "HardWay", "HelloWorld\HardWay\HardWay.csproj", "{9912165A-5B29-4E65-9F90-04CEAFE70F5C}"
EndProject
Project("{FAE04EC0-301F-11D3-BF4B-00C04F79EFBC}") = "Events", "Events\Events.csproj", "{CBF589C8-7FA0-4B53-B54C-9B52DCBA106F}"
EndProject
Project("{FAE04EC0-301F-11D3-BF4B-00C04F79EFBC}") = "Ids", "Ids\Ids.csproj", "{D7E544EF-BDC1-4D63-819E-95A2A1996631}"
EndProject
Project("{FAE04EC0-301F-11D3-BF4B-00C04F79EFBC}") = "SystemString", "SystemString\SystemString.csproj", "{0AF536BE-0411-4DC3-ACE1-B0BB9F2A063C}"
EndProject
Project("{2150E333-8FDC-42A3-9474-1A3956D46DE8}") = "Patterns", "Patterns", "{134F308E-D8CF-4FFA-9434-4461A8ED0707}"
EndProject
Project("{FAE04EC0-301F-11D3-BF4B-00C04F79EFBC}") = "SinglePlural", "Patterns\Single\SinglePlural.csproj", "{A5A152B4-57DB-40FC-950F-0E1964721B73}"
EndProject
Project("{FAE04EC0-301F-11D3-BF4B-00C04F79EFBC}") = "MultiPlural", "Patterns\Multi\MultiPlural.csproj", "{55B3A33A-FD69-47AD-A956-DC4E4F8FC976}"
EndProject
Project("{FAE04EC0-301F-11D3-BF4B-00C04F79EFBC}") = "Ime", "Ime\Ime.csproj", "{640E3E1D-167C-499E-9234-37EDBA753443}"
EndProject
Project("{2150E333-8FDC-42A3-9474-1A3956D46DE8}") = "BiDi", "BiDi", "{DB925EBE-7A7E-496A-B44B-3916486FE278}"
EndProject
Project("{FAE04EC0-301F-11D3-BF4B-00C04F79EFBC}") = "BiDiEnglish", "BiDi\BiDiEnglish\BiDiEnglish.csproj", "{D25748CA-DD12-4E82-BA46-9CEDB4D0B40B}"
EndProject
Project("{FAE04EC0-301F-11D3-BF4B-00C04F79EFBC}") = "BiDiArabic", "BiDi\BiDiArabic\BiDiArabic.csproj", "{43FAAD6F-B6DB-4574-B013-7FC04CB85407}"
EndProject
Project("{FAE04EC0-301F-11D3-BF4B-00C04F79EFBC}") = "Pages", "Pages\Pages.csproj", "{EE930AA5-DDB0-456E-9196-B81AE763CC01}"
EndProject
Project("{FAE04EC0-301F-11D3-BF4B-00C04F79EFBC}") = "WindowsForms", "WindowsForms\WindowsForms.csproj", "{C6B8E05C-201F-495C-827A-4815DCBAE04B}"
EndProject
Project("{9A19103F-16F7-4668-BE54-9A1E7A4F7556}") = "Menu", "Menu\Menu.csproj", "{EB5A689F-8CC3-4EEC-9FBE-28B1E11F08E8}"
EndProject
Project("{FAE04EC0-301F-11D3-BF4B-00C04F79EFBC}") = "FileDialog", "FileDialog\FileDialog.csproj", "{614937AA-5781-4FCC-97D2-AD435BBF68CC}"
EndProject
Project("{FAE04EC0-301F-11D3-BF4B-00C04F79EFBC}") = "Styles", "Styles\Styles.csproj", "{2757BFD8-A107-47C0-8FD6-450E8D8689F1}"
EndProject
Project("{FAE04EC0-301F-11D3-BF4B-00C04F79EFBC}") = "LanguageSwitch", "LanguageSwitch\LanguageSwitch.csproj", "{310DBAD8-6338-42A8-86D1-E2AA41D8A2D0}"
EndProject
Project("{FAE04EC0-301F-11D3-BF4B-00C04F79EFBC}") = "SimpleChange", "SimpleChange\SimpleChange.csproj", "{8737B0D6-FDA3-4BAC-AAA6-CB41108B9FDF}"
EndProject
Project("{2150E333-8FDC-42A3-9474-1A3956D46DE8}") = "Driving", "Driving", "{461F1560-4FC8-45F4-9584-43B9B92EA526}"
EndProject
Project("{FAE04EC0-301F-11D3-BF4B-00C04F79EFBC}") = "Localized", "Driving\Localized\Localized.csproj", "{0150EA38-D588-44F4-BA31-CC8E6F447C7F}"
EndProject
Project("{FAE04EC0-301F-11D3-BF4B-00C04F79EFBC}") = "Original", "Driving\Original\Original.csproj", "{632C80BC-6495-4451-A923-06336A18A133}"
EndProject
Project("{FAE04EC0-301F-11D3-BF4B-00C04F79EFBC}") = "Multilingual", "Driving\Multilingual\Multilingual.csproj", "{2F23A592-268F-4BF6-BA81-DD3B00CB9562}"
EndProject
Project("{2150E333-8FDC-42A3-9474-1A3956D46DE8}") = "Tutorial", "Tutorial", "{534EB0D6-59F9-4938-9156-5CF8403CD51C}"
EndProject
Project("{FAE04EC0-301F-11D3-BF4B-00C04F79EFBC}") = "BadSample", "Tutorial\BadSample\BadSample.csproj", "{6B845AFB-1212-4509-AA51-F125B84857AC}"
EndProject
Project("{FAE04EC0-301F-11D3-BF4B-00C04F79EFBC}") = "GoodSample", "Tutorial\GoodSample\GoodSample.csproj", "{47819A10-7CB0-4BFF-ADD9-8D3A72B6FE08}"
EndProject
Project("{FAE04EC0-301F-11D3-BF4B-00C04F79EFBC}") = "HardCoded", "Tutorial\HardCoded\HardCoded.csproj", "{C1EBE7AB-86E8-40BD-84FE-C5078F8D4E70}"
EndProject
Project("{FAE04EC0-301F-11D3-BF4B-00C04F79EFBC}") = "Dialogs", "Dialogs\Dialogs.csproj", "{B9712D09-3FC9-4C73-AEDB-382B95070BFB}"
EndProject
Project("{FAE04EC0-301F-11D3-BF4B-00C04F79EFBC}") = "Image", "Image\Image.csproj", "{2E29DFAD-8410-42CD-95A0-EB686DCD8896}"
EndProject
Project("{FAE04EC0-301F-11D3-BF4B-00C04F79EFBC}") = "Automation", "Automation\Automation.csproj", "{B6AA104A-5538-45F1-B4B4-FEAA3DE9F3CC}"
EndProject
Project("{2150E333-8FDC-42A3-9474-1A3956D46DE8}") = "Library", "Library", "{37884E97-8D8A-49A2-B2B2-340827D0D245}"
EndProject
Project("{9A19103F-16F7-4668-BE54-9A1E7A4F7556}") = "Soluling", "..\..\Library\NET\Standard\Soluling.csproj", "{D676B286-072D-45BB-8170-9AD230136B8D}"
EndProject
Project("{9A19103F-16F7-4668-BE54-9A1E7A4F7556}") = "SolulingTranslatorWpf", "..\..\Library\NET\Translator\WPF\SolulingTranslatorWpf.csproj", "{9D55615C-98F2-40CA-BEF9-903DFA73C268}"
EndProject
Project("{FAE04EC0-301F-11D3-BF4B-00C04F79EFBC}") = "Text", "Text\Text.csproj", "{57C26847-526E-457C-9CD8-78A862306AD8}"
EndProject
Project("{FAE04EC0-301F-11D3-BF4B-00C04F79EFBC}") = "Format", "Format\Format.csproj", "{095231E4-656F-4EA2-9400-5D7B37247CB5}"
EndProject
Project("{2150E333-8FDC-42A3-9474-1A3956D46DE8}") = "CustomControlFramework", "CustomControlFramework", "{C220C559-64D9-4098-AFA8-307956CDA9E9}"
EndProject
Project("{FAE04EC0-301F-11D3-BF4B-00C04F79EFBC}") = "WpfApplication", "CustomControlFramework\WpfApplication\WpfApplication.csproj", "{AC6731B3-D492-4F40-8A36-819CAEA7823E}"
EndProject
Project("{FAE04EC0-301F-11D3-BF4B-00C04F79EFBC}") = "WpfControl", "CustomControlFramework\WpfControl\WpfControl.csproj", "{B2E2E201-4097-4C20-83CD-1874D2C0BF24}"
EndProject
Project("{FAE04EC0-301F-11D3-BF4B-00C04F79EFBC}") = "WpfUserControl", "CustomControlFramework\WpfUserControl\WpfUserControl.csproj", "{FF88E65D-C60F-4FC2-92A2-1A18EF70C034}"
EndProject
Project("{9A19103F-16F7-4668-BE54-9A1E7A4F7556}") = "Core", "Core\Core.csproj", "{98C4754A-599B-4D78-B90D-DD382EBEBBD9}"
EndProject
Project("{FAE04EC0-301F-11D3-BF4B-00C04F79EFBC}") = "Binding", "Binding\Binding.csproj", "{9FA20AF6-9E88-4416-88BF-D2FBF448282A}"
EndProject
Project("{9A19103F-16F7-4668-BE54-9A1E7A4F7556}") = "MultiTarget", "MultiTarget\MultiTarget.csproj", "{7D846AA4-86F1-4D1E-8E83-B0F577CFFE23}"
EndProject
Project("{2150E333-8FDC-42A3-9474-1A3956D46DE8}") = "CustomControl", "CustomControl", "{A3D26CEF-300C-4519-8FC3-82ED7DF423E0}"
EndProject
Project("{9A19103F-16F7-4668-BE54-9A1E7A4F7556}") = "WpfApplication", "CustomControl\WpfApplication\WpfApplication.csproj", "{1CD22BFB-A5CA-46B5-83BA-F4454611EB0B}"
EndProject
Project("{9A19103F-16F7-4668-BE54-9A1E7A4F7556}") = "WpfControl", "CustomControl\WpfControl\WpfControl.csproj", "{320C17D7-480A-492F-BBA4-B585FCD78B99}"
EndProject
Project("{9A19103F-16F7-4668-BE54-9A1E7A4F7556}") = "WpfUserControl", "CustomControl\WpfUserControl\WpfUserControl.csproj", "{6A4F8358-D76A-476F-A69A-7560CADF4630}"
EndProject
Project("{FAE04EC0-301F-11D3-BF4B-00C04F79EFBC}") = "GenderApp", "Patterns\Gender\GenderApp.csproj", "{9B2FA283-BBED-4E9A-B15F-FD0ADA894854}"
EndProject
Global
	GlobalSection(SolutionConfigurationPlatforms) = preSolution
		Debug|Any CPU = Debug|Any CPU
		Release|Any CPU = Release|Any CPU
	EndGlobalSection
	GlobalSection(ProjectConfigurationPlatforms) = postSolution
		{A3C7CDF4-8AF4-4625-8D0F-2BEEBA6DFA6E}.Debug|Any CPU.ActiveCfg = Debug|Any CPU
		{A3C7CDF4-8AF4-4625-8D0F-2BEEBA6DFA6E}.Debug|Any CPU.Build.0 = Debug|Any CPU
		{A3C7CDF4-8AF4-4625-8D0F-2BEEBA6DFA6E}.Release|Any CPU.ActiveCfg = Release|Any CPU
		{A3C7CDF4-8AF4-4625-8D0F-2BEEBA6DFA6E}.Release|Any CPU.Build.0 = Release|Any CPU
		{CB11D1EB-6FA8-4B13-BC76-B2959306334A}.Debug|Any CPU.ActiveCfg = Debug|Any CPU
		{CB11D1EB-6FA8-4B13-BC76-B2959306334A}.Debug|Any CPU.Build.0 = Debug|Any CPU
		{CB11D1EB-6FA8-4B13-BC76-B2959306334A}.Release|Any CPU.ActiveCfg = Release|Any CPU
		{CB11D1EB-6FA8-4B13-BC76-B2959306334A}.Release|Any CPU.Build.0 = Release|Any CPU
		{B4C35C5E-2A55-4B25-B493-C4AFADDEAE71}.Debug|Any CPU.ActiveCfg = Debug|Any CPU
		{B4C35C5E-2A55-4B25-B493-C4AFADDEAE71}.Debug|Any CPU.Build.0 = Debug|Any CPU
		{B4C35C5E-2A55-4B25-B493-C4AFADDEAE71}.Release|Any CPU.ActiveCfg = Release|Any CPU
		{B4C35C5E-2A55-4B25-B493-C4AFADDEAE71}.Release|Any CPU.Build.0 = Release|Any CPU
		{ECA50993-553E-4018-B872-588DBA785311}.Debug|Any CPU.ActiveCfg = Debug|Any CPU
		{ECA50993-553E-4018-B872-588DBA785311}.Debug|Any CPU.Build.0 = Debug|Any CPU
		{ECA50993-553E-4018-B872-588DBA785311}.Release|Any CPU.ActiveCfg = Release|Any CPU
		{ECA50993-553E-4018-B872-588DBA785311}.Release|Any CPU.Build.0 = Release|Any CPU
		{C91F838F-46AD-4E22-8A35-ED6F44AB1F78}.Debug|Any CPU.ActiveCfg = Debug|Any CPU
		{C91F838F-46AD-4E22-8A35-ED6F44AB1F78}.Debug|Any CPU.Build.0 = Debug|Any CPU
		{C91F838F-46AD-4E22-8A35-ED6F44AB1F78}.Release|Any CPU.ActiveCfg = Release|Any CPU
		{C91F838F-46AD-4E22-8A35-ED6F44AB1F78}.Release|Any CPU.Build.0 = Release|Any CPU
		{77DD1548-227A-46A6-9AEB-2515FED6194B}.Debug|Any CPU.ActiveCfg = Debug|Any CPU
		{77DD1548-227A-46A6-9AEB-2515FED6194B}.Debug|Any CPU.Build.0 = Debug|Any CPU
		{77DD1548-227A-46A6-9AEB-2515FED6194B}.Release|Any CPU.ActiveCfg = Release|Any CPU
		{77DD1548-227A-46A6-9AEB-2515FED6194B}.Release|Any CPU.Build.0 = Release|Any CPU
		{9912165A-5B29-4E65-9F90-04CEAFE70F5C}.Debug|Any CPU.ActiveCfg = Debug|Any CPU
		{9912165A-5B29-4E65-9F90-04CEAFE70F5C}.Debug|Any CPU.Build.0 = Debug|Any CPU
		{9912165A-5B29-4E65-9F90-04CEAFE70F5C}.Release|Any CPU.ActiveCfg = Release|Any CPU
		{9912165A-5B29-4E65-9F90-04CEAFE70F5C}.Release|Any CPU.Build.0 = Release|Any CPU
		{CBF589C8-7FA0-4B53-B54C-9B52DCBA106F}.Debug|Any CPU.ActiveCfg = Debug|Any CPU
		{CBF589C8-7FA0-4B53-B54C-9B52DCBA106F}.Debug|Any CPU.Build.0 = Debug|Any CPU
		{CBF589C8-7FA0-4B53-B54C-9B52DCBA106F}.Release|Any CPU.ActiveCfg = Release|Any CPU
		{CBF589C8-7FA0-4B53-B54C-9B52DCBA106F}.Release|Any CPU.Build.0 = Release|Any CPU
		{D7E544EF-BDC1-4D63-819E-95A2A1996631}.Debug|Any CPU.ActiveCfg = Debug|Any CPU
		{D7E544EF-BDC1-4D63-819E-95A2A1996631}.Debug|Any CPU.Build.0 = Debug|Any CPU
		{D7E544EF-BDC1-4D63-819E-95A2A1996631}.Release|Any CPU.ActiveCfg = Release|Any CPU
		{D7E544EF-BDC1-4D63-819E-95A2A1996631}.Release|Any CPU.Build.0 = Release|Any CPU
		{0AF536BE-0411-4DC3-ACE1-B0BB9F2A063C}.Debug|Any CPU.ActiveCfg = Debug|Any CPU
		{0AF536BE-0411-4DC3-ACE1-B0BB9F2A063C}.Debug|Any CPU.Build.0 = Debug|Any CPU
		{0AF536BE-0411-4DC3-ACE1-B0BB9F2A063C}.Release|Any CPU.ActiveCfg = Release|Any CPU
		{0AF536BE-0411-4DC3-ACE1-B0BB9F2A063C}.Release|Any CPU.Build.0 = Release|Any CPU
		{A5A152B4-57DB-40FC-950F-0E1964721B73}.Debug|Any CPU.ActiveCfg = Debug|Any CPU
		{A5A152B4-57DB-40FC-950F-0E1964721B73}.Debug|Any CPU.Build.0 = Debug|Any CPU
		{A5A152B4-57DB-40FC-950F-0E1964721B73}.Release|Any CPU.ActiveCfg = Release|Any CPU
		{A5A152B4-57DB-40FC-950F-0E1964721B73}.Release|Any CPU.Build.0 = Release|Any CPU
		{55B3A33A-FD69-47AD-A956-DC4E4F8FC976}.Debug|Any CPU.ActiveCfg = Debug|Any CPU
		{55B3A33A-FD69-47AD-A956-DC4E4F8FC976}.Debug|Any CPU.Build.0 = Debug|Any CPU
		{55B3A33A-FD69-47AD-A956-DC4E4F8FC976}.Release|Any CPU.ActiveCfg = Release|Any CPU
		{55B3A33A-FD69-47AD-A956-DC4E4F8FC976}.Release|Any CPU.Build.0 = Release|Any CPU
		{640E3E1D-167C-499E-9234-37EDBA753443}.Debug|Any CPU.ActiveCfg = Debug|Any CPU
		{640E3E1D-167C-499E-9234-37EDBA753443}.Debug|Any CPU.Build.0 = Debug|Any CPU
		{640E3E1D-167C-499E-9234-37EDBA753443}.Release|Any CPU.ActiveCfg = Release|Any CPU
		{640E3E1D-167C-499E-9234-37EDBA753443}.Release|Any CPU.Build.0 = Release|Any CPU
		{D25748CA-DD12-4E82-BA46-9CEDB4D0B40B}.Debug|Any CPU.ActiveCfg = Debug|Any CPU
		{D25748CA-DD12-4E82-BA46-9CEDB4D0B40B}.Debug|Any CPU.Build.0 = Debug|Any CPU
		{D25748CA-DD12-4E82-BA46-9CEDB4D0B40B}.Release|Any CPU.ActiveCfg = Release|Any CPU
		{D25748CA-DD12-4E82-BA46-9CEDB4D0B40B}.Release|Any CPU.Build.0 = Release|Any CPU
		{43FAAD6F-B6DB-4574-B013-7FC04CB85407}.Debug|Any CPU.ActiveCfg = Debug|Any CPU
		{43FAAD6F-B6DB-4574-B013-7FC04CB85407}.Debug|Any CPU.Build.0 = Debug|Any CPU
		{43FAAD6F-B6DB-4574-B013-7FC04CB85407}.Release|Any CPU.ActiveCfg = Release|Any CPU
		{43FAAD6F-B6DB-4574-B013-7FC04CB85407}.Release|Any CPU.Build.0 = Release|Any CPU
		{EE930AA5-DDB0-456E-9196-B81AE763CC01}.Debug|Any CPU.ActiveCfg = Debug|Any CPU
		{EE930AA5-DDB0-456E-9196-B81AE763CC01}.Debug|Any CPU.Build.0 = Debug|Any CPU
		{EE930AA5-DDB0-456E-9196-B81AE763CC01}.Release|Any CPU.ActiveCfg = Release|Any CPU
		{EE930AA5-DDB0-456E-9196-B81AE763CC01}.Release|Any CPU.Build.0 = Release|Any CPU
		{C6B8E05C-201F-495C-827A-4815DCBAE04B}.Debug|Any CPU.ActiveCfg = Debug|Any CPU
		{C6B8E05C-201F-495C-827A-4815DCBAE04B}.Debug|Any CPU.Build.0 = Debug|Any CPU
		{C6B8E05C-201F-495C-827A-4815DCBAE04B}.Release|Any CPU.ActiveCfg = Release|Any CPU
		{C6B8E05C-201F-495C-827A-4815DCBAE04B}.Release|Any CPU.Build.0 = Release|Any CPU
		{EB5A689F-8CC3-4EEC-9FBE-28B1E11F08E8}.Debug|Any CPU.ActiveCfg = Debug|Any CPU
		{EB5A689F-8CC3-4EEC-9FBE-28B1E11F08E8}.Debug|Any CPU.Build.0 = Debug|Any CPU
		{EB5A689F-8CC3-4EEC-9FBE-28B1E11F08E8}.Release|Any CPU.ActiveCfg = Release|Any CPU
		{EB5A689F-8CC3-4EEC-9FBE-28B1E11F08E8}.Release|Any CPU.Build.0 = Release|Any CPU
		{614937AA-5781-4FCC-97D2-AD435BBF68CC}.Debug|Any CPU.ActiveCfg = Debug|Any CPU
		{614937AA-5781-4FCC-97D2-AD435BBF68CC}.Debug|Any CPU.Build.0 = Debug|Any CPU
		{614937AA-5781-4FCC-97D2-AD435BBF68CC}.Release|Any CPU.ActiveCfg = Release|Any CPU
		{614937AA-5781-4FCC-97D2-AD435BBF68CC}.Release|Any CPU.Build.0 = Release|Any CPU
		{2757BFD8-A107-47C0-8FD6-450E8D8689F1}.Debug|Any CPU.ActiveCfg = Debug|Any CPU
		{2757BFD8-A107-47C0-8FD6-450E8D8689F1}.Debug|Any CPU.Build.0 = Debug|Any CPU
		{2757BFD8-A107-47C0-8FD6-450E8D8689F1}.Release|Any CPU.ActiveCfg = Release|Any CPU
		{2757BFD8-A107-47C0-8FD6-450E8D8689F1}.Release|Any CPU.Build.0 = Release|Any CPU
		{310DBAD8-6338-42A8-86D1-E2AA41D8A2D0}.Debug|Any CPU.ActiveCfg = Debug|Any CPU
		{310DBAD8-6338-42A8-86D1-E2AA41D8A2D0}.Debug|Any CPU.Build.0 = Debug|Any CPU
		{310DBAD8-6338-42A8-86D1-E2AA41D8A2D0}.Release|Any CPU.ActiveCfg = Release|Any CPU
		{310DBAD8-6338-42A8-86D1-E2AA41D8A2D0}.Release|Any CPU.Build.0 = Release|Any CPU
		{8737B0D6-FDA3-4BAC-AAA6-CB41108B9FDF}.Debug|Any CPU.ActiveCfg = Debug|Any CPU
		{8737B0D6-FDA3-4BAC-AAA6-CB41108B9FDF}.Debug|Any CPU.Build.0 = Debug|Any CPU
		{8737B0D6-FDA3-4BAC-AAA6-CB41108B9FDF}.Release|Any CPU.ActiveCfg = Release|Any CPU
		{8737B0D6-FDA3-4BAC-AAA6-CB41108B9FDF}.Release|Any CPU.Build.0 = Release|Any CPU
		{0150EA38-D588-44F4-BA31-CC8E6F447C7F}.Debug|Any CPU.ActiveCfg = Debug|Any CPU
		{0150EA38-D588-44F4-BA31-CC8E6F447C7F}.Debug|Any CPU.Build.0 = Debug|Any CPU
		{0150EA38-D588-44F4-BA31-CC8E6F447C7F}.Release|Any CPU.ActiveCfg = Release|Any CPU
		{0150EA38-D588-44F4-BA31-CC8E6F447C7F}.Release|Any CPU.Build.0 = Release|Any CPU
		{632C80BC-6495-4451-A923-06336A18A133}.Debug|Any CPU.ActiveCfg = Debug|Any CPU
		{632C80BC-6495-4451-A923-06336A18A133}.Debug|Any CPU.Build.0 = Debug|Any CPU
		{632C80BC-6495-4451-A923-06336A18A133}.Release|Any CPU.ActiveCfg = Release|Any CPU
		{632C80BC-6495-4451-A923-06336A18A133}.Release|Any CPU.Build.0 = Release|Any CPU
		{2F23A592-268F-4BF6-BA81-DD3B00CB9562}.Debug|Any CPU.ActiveCfg = Debug|Any CPU
		{2F23A592-268F-4BF6-BA81-DD3B00CB9562}.Debug|Any CPU.Build.0 = Debug|Any CPU
		{2F23A592-268F-4BF6-BA81-DD3B00CB9562}.Release|Any CPU.ActiveCfg = Release|Any CPU
		{2F23A592-268F-4BF6-BA81-DD3B00CB9562}.Release|Any CPU.Build.0 = Release|Any CPU
		{6B845AFB-1212-4509-AA51-F125B84857AC}.Debug|Any CPU.ActiveCfg = Debug|Any CPU
		{6B845AFB-1212-4509-AA51-F125B84857AC}.Debug|Any CPU.Build.0 = Debug|Any CPU
		{6B845AFB-1212-4509-AA51-F125B84857AC}.Release|Any CPU.ActiveCfg = Release|Any CPU
		{6B845AFB-1212-4509-AA51-F125B84857AC}.Release|Any CPU.Build.0 = Release|Any CPU
		{47819A10-7CB0-4BFF-ADD9-8D3A72B6FE08}.Debug|Any CPU.ActiveCfg = Debug|Any CPU
		{47819A10-7CB0-4BFF-ADD9-8D3A72B6FE08}.Debug|Any CPU.Build.0 = Debug|Any CPU
		{47819A10-7CB0-4BFF-ADD9-8D3A72B6FE08}.Release|Any CPU.ActiveCfg = Release|Any CPU
		{47819A10-7CB0-4BFF-ADD9-8D3A72B6FE08}.Release|Any CPU.Build.0 = Release|Any CPU
		{C1EBE7AB-86E8-40BD-84FE-C5078F8D4E70}.Debug|Any CPU.ActiveCfg = Debug|Any CPU
		{C1EBE7AB-86E8-40BD-84FE-C5078F8D4E70}.Debug|Any CPU.Build.0 = Debug|Any CPU
		{C1EBE7AB-86E8-40BD-84FE-C5078F8D4E70}.Release|Any CPU.ActiveCfg = Release|Any CPU
		{C1EBE7AB-86E8-40BD-84FE-C5078F8D4E70}.Release|Any CPU.Build.0 = Release|Any CPU
		{B9712D09-3FC9-4C73-AEDB-382B95070BFB}.Debug|Any CPU.ActiveCfg = Debug|Any CPU
		{B9712D09-3FC9-4C73-AEDB-382B95070BFB}.Debug|Any CPU.Build.0 = Debug|Any CPU
		{B9712D09-3FC9-4C73-AEDB-382B95070BFB}.Release|Any CPU.ActiveCfg = Release|Any CPU
		{B9712D09-3FC9-4C73-AEDB-382B95070BFB}.Release|Any CPU.Build.0 = Release|Any CPU
		{2E29DFAD-8410-42CD-95A0-EB686DCD8896}.Debug|Any CPU.ActiveCfg = Debug|Any CPU
		{2E29DFAD-8410-42CD-95A0-EB686DCD8896}.Debug|Any CPU.Build.0 = Debug|Any CPU
		{2E29DFAD-8410-42CD-95A0-EB686DCD8896}.Release|Any CPU.ActiveCfg = Release|Any CPU
		{2E29DFAD-8410-42CD-95A0-EB686DCD8896}.Release|Any CPU.Build.0 = Release|Any CPU
		{B6AA104A-5538-45F1-B4B4-FEAA3DE9F3CC}.Debug|Any CPU.ActiveCfg = Debug|Any CPU
		{B6AA104A-5538-45F1-B4B4-FEAA3DE9F3CC}.Debug|Any CPU.Build.0 = Debug|Any CPU
		{B6AA104A-5538-45F1-B4B4-FEAA3DE9F3CC}.Release|Any CPU.ActiveCfg = Release|Any CPU
		{B6AA104A-5538-45F1-B4B4-FEAA3DE9F3CC}.Release|Any CPU.Build.0 = Release|Any CPU
		{D676B286-072D-45BB-8170-9AD230136B8D}.Debug|Any CPU.ActiveCfg = Debug|Any CPU
		{D676B286-072D-45BB-8170-9AD230136B8D}.Debug|Any CPU.Build.0 = Debug|Any CPU
		{D676B286-072D-45BB-8170-9AD230136B8D}.Release|Any CPU.ActiveCfg = Release|Any CPU
		{D676B286-072D-45BB-8170-9AD230136B8D}.Release|Any CPU.Build.0 = Release|Any CPU
		{9D55615C-98F2-40CA-BEF9-903DFA73C268}.Debug|Any CPU.ActiveCfg = Debug|Any CPU
		{9D55615C-98F2-40CA-BEF9-903DFA73C268}.Debug|Any CPU.Build.0 = Debug|Any CPU
		{9D55615C-98F2-40CA-BEF9-903DFA73C268}.Release|Any CPU.ActiveCfg = Release|Any CPU
		{9D55615C-98F2-40CA-BEF9-903DFA73C268}.Release|Any CPU.Build.0 = Release|Any CPU
		{57C26847-526E-457C-9CD8-78A862306AD8}.Debug|Any CPU.ActiveCfg = Debug|Any CPU
		{57C26847-526E-457C-9CD8-78A862306AD8}.Debug|Any CPU.Build.0 = Debug|Any CPU
		{57C26847-526E-457C-9CD8-78A862306AD8}.Release|Any CPU.ActiveCfg = Release|Any CPU
		{57C26847-526E-457C-9CD8-78A862306AD8}.Release|Any CPU.Build.0 = Release|Any CPU
		{095231E4-656F-4EA2-9400-5D7B37247CB5}.Debug|Any CPU.ActiveCfg = Debug|Any CPU
		{095231E4-656F-4EA2-9400-5D7B37247CB5}.Debug|Any CPU.Build.0 = Debug|Any CPU
		{095231E4-656F-4EA2-9400-5D7B37247CB5}.Release|Any CPU.ActiveCfg = Release|Any CPU
		{095231E4-656F-4EA2-9400-5D7B37247CB5}.Release|Any CPU.Build.0 = Release|Any CPU
		{AC6731B3-D492-4F40-8A36-819CAEA7823E}.Debug|Any CPU.ActiveCfg = Debug|Any CPU
		{AC6731B3-D492-4F40-8A36-819CAEA7823E}.Debug|Any CPU.Build.0 = Debug|Any CPU
		{AC6731B3-D492-4F40-8A36-819CAEA7823E}.Release|Any CPU.ActiveCfg = Release|Any CPU
		{AC6731B3-D492-4F40-8A36-819CAEA7823E}.Release|Any CPU.Build.0 = Release|Any CPU
		{B2E2E201-4097-4C20-83CD-1874D2C0BF24}.Debug|Any CPU.ActiveCfg = Debug|Any CPU
		{B2E2E201-4097-4C20-83CD-1874D2C0BF24}.Debug|Any CPU.Build.0 = Debug|Any CPU
		{B2E2E201-4097-4C20-83CD-1874D2C0BF24}.Release|Any CPU.ActiveCfg = Release|Any CPU
		{B2E2E201-4097-4C20-83CD-1874D2C0BF24}.Release|Any CPU.Build.0 = Release|Any CPU
		{FF88E65D-C60F-4FC2-92A2-1A18EF70C034}.Debug|Any CPU.ActiveCfg = Debug|Any CPU
		{FF88E65D-C60F-4FC2-92A2-1A18EF70C034}.Debug|Any CPU.Build.0 = Debug|Any CPU
		{FF88E65D-C60F-4FC2-92A2-1A18EF70C034}.Release|Any CPU.ActiveCfg = Release|Any CPU
		{FF88E65D-C60F-4FC2-92A2-1A18EF70C034}.Release|Any CPU.Build.0 = Release|Any CPU
		{98C4754A-599B-4D78-B90D-DD382EBEBBD9}.Debug|Any CPU.ActiveCfg = Debug|Any CPU
		{98C4754A-599B-4D78-B90D-DD382EBEBBD9}.Debug|Any CPU.Build.0 = Debug|Any CPU
		{98C4754A-599B-4D78-B90D-DD382EBEBBD9}.Release|Any CPU.ActiveCfg = Release|Any CPU
		{98C4754A-599B-4D78-B90D-DD382EBEBBD9}.Release|Any CPU.Build.0 = Release|Any CPU
		{9FA20AF6-9E88-4416-88BF-D2FBF448282A}.Debug|Any CPU.ActiveCfg = Debug|Any CPU
		{9FA20AF6-9E88-4416-88BF-D2FBF448282A}.Debug|Any CPU.Build.0 = Debug|Any CPU
		{9FA20AF6-9E88-4416-88BF-D2FBF448282A}.Release|Any CPU.ActiveCfg = Release|Any CPU
		{9FA20AF6-9E88-4416-88BF-D2FBF448282A}.Release|Any CPU.Build.0 = Release|Any CPU
		{7D846AA4-86F1-4D1E-8E83-B0F577CFFE23}.Debug|Any CPU.ActiveCfg = Debug|Any CPU
		{7D846AA4-86F1-4D1E-8E83-B0F577CFFE23}.Debug|Any CPU.Build.0 = Debug|Any CPU
		{7D846AA4-86F1-4D1E-8E83-B0F577CFFE23}.Release|Any CPU.ActiveCfg = Release|Any CPU
		{7D846AA4-86F1-4D1E-8E83-B0F577CFFE23}.Release|Any CPU.Build.0 = Release|Any CPU
		{1CD22BFB-A5CA-46B5-83BA-F4454611EB0B}.Debug|Any CPU.ActiveCfg = Debug|Any CPU
		{1CD22BFB-A5CA-46B5-83BA-F4454611EB0B}.Debug|Any CPU.Build.0 = Debug|Any CPU
		{1CD22BFB-A5CA-46B5-83BA-F4454611EB0B}.Release|Any CPU.ActiveCfg = Release|Any CPU
		{1CD22BFB-A5CA-46B5-83BA-F4454611EB0B}.Release|Any CPU.Build.0 = Release|Any CPU
		{320C17D7-480A-492F-BBA4-B585FCD78B99}.Debug|Any CPU.ActiveCfg = Debug|Any CPU
		{320C17D7-480A-492F-BBA4-B585FCD78B99}.Debug|Any CPU.Build.0 = Debug|Any CPU
		{320C17D7-480A-492F-BBA4-B585FCD78B99}.Release|Any CPU.ActiveCfg = Release|Any CPU
		{320C17D7-480A-492F-BBA4-B585FCD78B99}.Release|Any CPU.Build.0 = Release|Any CPU
		{6A4F8358-D76A-476F-A69A-7560CADF4630}.Debug|Any CPU.ActiveCfg = Debug|Any CPU
		{6A4F8358-D76A-476F-A69A-7560CADF4630}.Debug|Any CPU.Build.0 = Debug|Any CPU
		{6A4F8358-D76A-476F-A69A-7560CADF4630}.Release|Any CPU.ActiveCfg = Release|Any CPU
		{6A4F8358-D76A-476F-A69A-7560CADF4630}.Release|Any CPU.Build.0 = Release|Any CPU
		{9B2FA283-BBED-4E9A-B15F-FD0ADA894854}.Debug|Any CPU.ActiveCfg = Debug|Any CPU
		{9B2FA283-BBED-4E9A-B15F-FD0ADA894854}.Debug|Any CPU.Build.0 = Debug|Any CPU
		{9B2FA283-BBED-4E9A-B15F-FD0ADA894854}.Release|Any CPU.ActiveCfg = Release|Any CPU
		{9B2FA283-BBED-4E9A-B15F-FD0ADA894854}.Release|Any CPU.Build.0 = Release|Any CPU
	EndGlobalSection
	GlobalSection(SolutionProperties) = preSolution
		HideSolutionNode = FALSE
	EndGlobalSection
	GlobalSection(NestedProjects) = preSolution
		{C91F838F-46AD-4E22-8A35-ED6F44AB1F78} = {943D8C5B-268E-41EF-AC70-478DCB31B550}
		{77DD1548-227A-46A6-9AEB-2515FED6194B} = {943D8C5B-268E-41EF-AC70-478DCB31B550}
		{9912165A-5B29-4E65-9F90-04CEAFE70F5C} = {943D8C5B-268E-41EF-AC70-478DCB31B550}
		{A5A152B4-57DB-40FC-950F-0E1964721B73} = {134F308E-D8CF-4FFA-9434-4461A8ED0707}
		{55B3A33A-FD69-47AD-A956-DC4E4F8FC976} = {134F308E-D8CF-4FFA-9434-4461A8ED0707}
		{D25748CA-DD12-4E82-BA46-9CEDB4D0B40B} = {DB925EBE-7A7E-496A-B44B-3916486FE278}
		{43FAAD6F-B6DB-4574-B013-7FC04CB85407} = {DB925EBE-7A7E-496A-B44B-3916486FE278}
		{0150EA38-D588-44F4-BA31-CC8E6F447C7F} = {461F1560-4FC8-45F4-9584-43B9B92EA526}
		{632C80BC-6495-4451-A923-06336A18A133} = {461F1560-4FC8-45F4-9584-43B9B92EA526}
		{2F23A592-268F-4BF6-BA81-DD3B00CB9562} = {461F1560-4FC8-45F4-9584-43B9B92EA526}
		{6B845AFB-1212-4509-AA51-F125B84857AC} = {534EB0D6-59F9-4938-9156-5CF8403CD51C}
		{47819A10-7CB0-4BFF-ADD9-8D3A72B6FE08} = {534EB0D6-59F9-4938-9156-5CF8403CD51C}
		{C1EBE7AB-86E8-40BD-84FE-C5078F8D4E70} = {534EB0D6-59F9-4938-9156-5CF8403CD51C}
		{D676B286-072D-45BB-8170-9AD230136B8D} = {37884E97-8D8A-49A2-B2B2-340827D0D245}
		{9D55615C-98F2-40CA-BEF9-903DFA73C268} = {37884E97-8D8A-49A2-B2B2-340827D0D245}
		{AC6731B3-D492-4F40-8A36-819CAEA7823E} = {C220C559-64D9-4098-AFA8-307956CDA9E9}
		{B2E2E201-4097-4C20-83CD-1874D2C0BF24} = {C220C559-64D9-4098-AFA8-307956CDA9E9}
		{FF88E65D-C60F-4FC2-92A2-1A18EF70C034} = {C220C559-64D9-4098-AFA8-307956CDA9E9}
		{1CD22BFB-A5CA-46B5-83BA-F4454611EB0B} = {A3D26CEF-300C-4519-8FC3-82ED7DF423E0}
		{320C17D7-480A-492F-BBA4-B585FCD78B99} = {A3D26CEF-300C-4519-8FC3-82ED7DF423E0}
		{6A4F8358-D76A-476F-A69A-7560CADF4630} = {A3D26CEF-300C-4519-8FC3-82ED7DF423E0}
		{9B2FA283-BBED-4E9A-B15F-FD0ADA894854} = {134F308E-D8CF-4FFA-9434-4461A8ED0707}
	EndGlobalSection
	GlobalSection(ExtensibilityGlobals) = postSolution
		SolutionGuid = {C8B471E0-7FF9-4D96-9857-12A1BFDEE9E3}
	EndGlobalSection
EndGlobal
