
Microsoft Visual Studio Solution File, Format Version 12.00
# Visual Studio 15
VisualStudioVersion = 15.0.26730.12
MinimumVisualStudioVersion = 10.0.40219.1
Project("{9A19103F-16F7-4668-BE54-9A1E7A4F7556}") = "Hello", "Hello\Hello.csproj", "{C56E5718-F944-4DC0-BB35-CC3289F5EB0F}"
EndProject
Project("{2150E333-8FDC-42A3-9474-1A3956D46DE8}") = "Signed", "Signed", "{E9587F34-9073-4F33-9E68-74C5379BE897}"
EndProject
Project("{9A19103F-16F7-4668-BE54-9A1E7A4F7556}") = "Unsigned", "Signed\Unsigned\Unsigned.csproj", "{9F845B3E-EC15-4255-A825-93BADD4456F3}"
EndProject
Project("{9A19103F-16F7-4668-BE54-9A1E7A4F7556}") = "Snk", "Signed\Snk\Snk.csproj", "{98FAF8BA-196A-4C2F-BDFA-E1B25A866F6E}"
EndProject
Project("{9A19103F-16F7-4668-BE54-9A1E7A4F7556}") = "SatelliteContract", "Signed\SatelliteContract\SatelliteContract.csproj", "{9FEA4189-E26C-43E4-91FD-2452456A5FBC}"
EndProject
Project("{9A19103F-16F7-4668-BE54-9A1E7A4F7556}") = "Library", "Library\Library.csproj", "{4E5D9C08-7DA6-4818-801C-50B445CDD316}"
EndProject
Project("{9A19103F-16F7-4668-BE54-9A1E7A4F7556}") = "Delay", "Signed\Delay\Delay.csproj", "{A4C88A59-82CC-4014-9E7D-461DAA3B2FC6}"
EndProject
Project("{FAE04EC0-301F-11D3-BF4B-00C04F79EFBC}") = "CustomName", "CustomName\CustomName.csproj", "{3A65AABE-8C52-4225-A58A-2200DBE0DF70}"
EndProject
Global
	GlobalSection(SolutionConfigurationPlatforms) = preSolution
		Debug|Any CPU = Debug|Any CPU
		Release|Any CPU = Release|Any CPU
	EndGlobalSection
	GlobalSection(ProjectConfigurationPlatforms) = postSolution
		{C56E5718-F944-4DC0-BB35-CC3289F5EB0F}.Debug|Any CPU.ActiveCfg = Debug|Any CPU
		{C56E5718-F944-4DC0-BB35-CC3289F5EB0F}.Debug|Any CPU.Build.0 = Debug|Any CPU
		{C56E5718-F944-4DC0-BB35-CC3289F5EB0F}.Release|Any CPU.ActiveCfg = Release|Any CPU
		{C56E5718-F944-4DC0-BB35-CC3289F5EB0F}.Release|Any CPU.Build.0 = Release|Any CPU
		{9F845B3E-EC15-4255-A825-93BADD4456F3}.Debug|Any CPU.ActiveCfg = Debug|Any CPU
		{9F845B3E-EC15-4255-A825-93BADD4456F3}.Debug|Any CPU.Build.0 = Debug|Any CPU
		{9F845B3E-EC15-4255-A825-93BADD4456F3}.Release|Any CPU.ActiveCfg = Release|Any CPU
		{9F845B3E-EC15-4255-A825-93BADD4456F3}.Release|Any CPU.Build.0 = Release|Any CPU
		{98FAF8BA-196A-4C2F-BDFA-E1B25A866F6E}.Debug|Any CPU.ActiveCfg = Debug|Any CPU
		{98FAF8BA-196A-4C2F-BDFA-E1B25A866F6E}.Debug|Any CPU.Build.0 = Debug|Any CPU
		{98FAF8BA-196A-4C2F-BDFA-E1B25A866F6E}.Release|Any CPU.ActiveCfg = Release|Any CPU
		{98FAF8BA-196A-4C2F-BDFA-E1B25A866F6E}.Release|Any CPU.Build.0 = Release|Any CPU
		{9FEA4189-E26C-43E4-91FD-2452456A5FBC}.Debug|Any CPU.ActiveCfg = Debug|Any CPU
		{9FEA4189-E26C-43E4-91FD-2452456A5FBC}.Debug|Any CPU.Build.0 = Debug|Any CPU
		{9FEA4189-E26C-43E4-91FD-2452456A5FBC}.Release|Any CPU.ActiveCfg = Release|Any CPU
		{9FEA4189-E26C-43E4-91FD-2452456A5FBC}.Release|Any CPU.Build.0 = Release|Any CPU
		{4E5D9C08-7DA6-4818-801C-50B445CDD316}.Debug|Any CPU.ActiveCfg = Debug|Any CPU
		{4E5D9C08-7DA6-4818-801C-50B445CDD316}.Debug|Any CPU.Build.0 = Debug|Any CPU
		{4E5D9C08-7DA6-4818-801C-50B445CDD316}.Release|Any CPU.ActiveCfg = Release|Any CPU
		{4E5D9C08-7DA6-4818-801C-50B445CDD316}.Release|Any CPU.Build.0 = Release|Any CPU
		{A4C88A59-82CC-4014-9E7D-461DAA3B2FC6}.Debug|Any CPU.ActiveCfg = Debug|Any CPU
		{A4C88A59-82CC-4014-9E7D-461DAA3B2FC6}.Debug|Any CPU.Build.0 = Debug|Any CPU
		{A4C88A59-82CC-4014-9E7D-461DAA3B2FC6}.Release|Any CPU.ActiveCfg = Release|Any CPU
		{A4C88A59-82CC-4014-9E7D-461DAA3B2FC6}.Release|Any CPU.Build.0 = Release|Any CPU
		{3A65AABE-8C52-4225-A58A-2200DBE0DF70}.Debug|Any CPU.ActiveCfg = Debug|Any CPU
		{3A65AABE-8C52-4225-A58A-2200DBE0DF70}.Debug|Any CPU.Build.0 = Debug|Any CPU
		{3A65AABE-8C52-4225-A58A-2200DBE0DF70}.Release|Any CPU.ActiveCfg = Release|Any CPU
		{3A65AABE-8C52-4225-A58A-2200DBE0DF70}.Release|Any CPU.Build.0 = Release|Any CPU
	EndGlobalSection
	GlobalSection(SolutionProperties) = preSolution
		HideSolutionNode = FALSE
	EndGlobalSection
	GlobalSection(NestedProjects) = preSolution
		{9F845B3E-EC15-4255-A825-93BADD4456F3} = {E9587F34-9073-4F33-9E68-74C5379BE897}
		{98FAF8BA-196A-4C2F-BDFA-E1B25A866F6E} = {E9587F34-9073-4F33-9E68-74C5379BE897}
		{9FEA4189-E26C-43E4-91FD-2452456A5FBC} = {E9587F34-9073-4F33-9E68-74C5379BE897}
		{A4C88A59-82CC-4014-9E7D-461DAA3B2FC6} = {E9587F34-9073-4F33-9E68-74C5379BE897}
	EndGlobalSection
	GlobalSection(ExtensibilityGlobals) = postSolution
		SolutionGuid = {9D86AEB2-DEC9-436E-9AE2-B41D39DEF416}
	EndGlobalSection
EndGlobal
